// !$*UTF8*$!
{
	archiveVersion = 1;
	classes = {
	};
	objectVersion = 55;
	objects = {

/* Begin PBXBuildFile section */
		87243C9928D94510002579C8 /* TaskGroupBootcamp.swift in Sources */ = {isa = PBXBuildFile; fileRef = 87243C9828D94510002579C8 /* TaskGroupBootcamp.swift */; };
		875D652428C69F4B00AAEA5B /* AsyncLetBootcamp.swift in Sources */ = {isa = PBXBuildFile; fileRef = 875D652328C69F4B00AAEA5B /* AsyncLetBootcamp.swift */; };
		8790DF2E28E3399E00DBF197 /* StructClassActorBootcamp.swift in Sources */ = {isa = PBXBuildFile; fileRef = 8790DF2D28E3399E00DBF197 /* StructClassActorBootcamp.swift */; };
		87A5FCFD289A21B500E24335 /* Users.swift in Sources */ = {isa = PBXBuildFile; fileRef = 87A5FCFC289A21B500E24335 /* Users.swift */; };
		87A5FCFF289A247100E24335 /* Post.swift in Sources */ = {isa = PBXBuildFile; fileRef = 87A5FCFE289A247100E24335 /* Post.swift */; };
		87A5FD02289A24E900E24335 /* APIService.swift in Sources */ = {isa = PBXBuildFile; fileRef = 87A5FD01289A24E900E24335 /* APIService.swift */; };
		87A5FD04289C2AB300E24335 /* UserListView.swift in Sources */ = {isa = PBXBuildFile; fileRef = 87A5FD03289C2AB300E24335 /* UserListView.swift */; };
		87A5FD08289D59D200E24335 /* UserListViewModel.swift in Sources */ = {isa = PBXBuildFile; fileRef = 87A5FD07289D59D200E24335 /* UserListViewModel.swift */; };
		87A5FD0C289D730000E24335 /* PostListViewModel.swift in Sources */ = {isa = PBXBuildFile; fileRef = 87A5FD0B289D730000E24335 /* PostListViewModel.swift */; };
		87A5FD0E289D739E00E24335 /* PostListView.swift in Sources */ = {isa = PBXBuildFile; fileRef = 87A5FD0D289D739E00E24335 /* PostListView.swift */; };
		87C27D4228E1E1B700210749 /* CheckedContinuationBootcamp.swift in Sources */ = {isa = PBXBuildFile; fileRef = 87C27D4128E1E1B700210749 /* CheckedContinuationBootcamp.swift */; };
		87DCB33F2845917400A6FAB6 /* SwiftConcurrencyBootcampApp.swift in Sources */ = {isa = PBXBuildFile; fileRef = 87DCB33E2845917400A6FAB6 /* SwiftConcurrencyBootcampApp.swift */; };
		87DCB3412845917400A6FAB6 /* ContentView.swift in Sources */ = {isa = PBXBuildFile; fileRef = 87DCB3402845917400A6FAB6 /* ContentView.swift */; };
		87DCB3432845917400A6FAB6 /* Assets.xcassets in Resources */ = {isa = PBXBuildFile; fileRef = 87DCB3422845917400A6FAB6 /* Assets.xcassets */; };
		87DCB3462845917400A6FAB6 /* Preview Assets.xcassets in Resources */ = {isa = PBXBuildFile; fileRef = 87DCB3452845917400A6FAB6 /* Preview Assets.xcassets */; };
		87DCB34D2845940700A6FAB6 /* DoCatchTryThrowsBootcamp.swift in Sources */ = {isa = PBXBuildFile; fileRef = 87DCB34C2845940700A6FAB6 /* DoCatchTryThrowsBootcamp.swift */; };
		87DCB34F28469C9F00A6FAB6 /* DownloadImageAsync.swift in Sources */ = {isa = PBXBuildFile; fileRef = 87DCB34E28469C9F00A6FAB6 /* DownloadImageAsync.swift */; };
		87DCB3512847046000A6FAB6 /* AsyncAwaitBootcamp.swift in Sources */ = {isa = PBXBuildFile; fileRef = 87DCB3502847046000A6FAB6 /* AsyncAwaitBootcamp.swift */; };
		87DCB35328470B0F00A6FAB6 /* TaskBootcamp.swift in Sources */ = {isa = PBXBuildFile; fileRef = 87DCB35228470B0F00A6FAB6 /* TaskBootcamp.swift */; };
		87FA3D1D28BC559C008552FC /* UserAndPosts.swift in Sources */ = {isa = PBXBuildFile; fileRef = 87FA3D1C28BC559C008552FC /* UserAndPosts.swift */; };
/* End PBXBuildFile section */

/* Begin PBXFileReference section */
		87243C9828D94510002579C8 /* TaskGroupBootcamp.swift */ = {isa = PBXFileReference; lastKnownFileType = sourcecode.swift; path = TaskGroupBootcamp.swift; sourceTree = "<group>"; };
		875D652328C69F4B00AAEA5B /* AsyncLetBootcamp.swift */ = {isa = PBXFileReference; lastKnownFileType = sourcecode.swift; path = AsyncLetBootcamp.swift; sourceTree = "<group>"; };
		8790DF2D28E3399E00DBF197 /* StructClassActorBootcamp.swift */ = {isa = PBXFileReference; lastKnownFileType = sourcecode.swift; path = StructClassActorBootcamp.swift; sourceTree = "<group>"; };
		87A5FCFC289A21B500E24335 /* Users.swift */ = {isa = PBXFileReference; lastKnownFileType = sourcecode.swift; path = Users.swift; sourceTree = "<group>"; };
		87A5FCFE289A247100E24335 /* Post.swift */ = {isa = PBXFileReference; lastKnownFileType = sourcecode.swift; path = Post.swift; sourceTree = "<group>"; };
		87A5FD01289A24E900E24335 /* APIService.swift */ = {isa = PBXFileReference; lastKnownFileType = sourcecode.swift; path = APIService.swift; sourceTree = "<group>"; };
		87A5FD03289C2AB300E24335 /* UserListView.swift */ = {isa = PBXFileReference; lastKnownFileType = sourcecode.swift; path = UserListView.swift; sourceTree = "<group>"; };
		87A5FD07289D59D200E24335 /* UserListViewModel.swift */ = {isa = PBXFileReference; lastKnownFileType = sourcecode.swift; path = UserListViewModel.swift; sourceTree = "<group>"; };
		87A5FD0B289D730000E24335 /* PostListViewModel.swift */ = {isa = PBXFileReference; lastKnownFileType = sourcecode.swift; path = PostListViewModel.swift; sourceTree = "<group>"; };
		87A5FD0D289D739E00E24335 /* PostListView.swift */ = {isa = PBXFileReference; lastKnownFileType = sourcecode.swift; path = PostListView.swift; sourceTree = "<group>"; };
		87C27D4128E1E1B700210749 /* CheckedContinuationBootcamp.swift */ = {isa = PBXFileReference; lastKnownFileType = sourcecode.swift; path = CheckedContinuationBootcamp.swift; sourceTree = "<group>"; };
		87DCB33B2845917400A6FAB6 /* SwiftConcurrencyBootcamp.app */ = {isa = PBXFileReference; explicitFileType = wrapper.application; includeInIndex = 0; path = SwiftConcurrencyBootcamp.app; sourceTree = BUILT_PRODUCTS_DIR; };
		87DCB33E2845917400A6FAB6 /* SwiftConcurrencyBootcampApp.swift */ = {isa = PBXFileReference; lastKnownFileType = sourcecode.swift; path = SwiftConcurrencyBootcampApp.swift; sourceTree = "<group>"; };
		87DCB3402845917400A6FAB6 /* ContentView.swift */ = {isa = PBXFileReference; lastKnownFileType = sourcecode.swift; path = ContentView.swift; sourceTree = "<group>"; };
		87DCB3422845917400A6FAB6 /* Assets.xcassets */ = {isa = PBXFileReference; lastKnownFileType = folder.assetcatalog; path = Assets.xcassets; sourceTree = "<group>"; };
		87DCB3452845917400A6FAB6 /* Preview Assets.xcassets */ = {isa = PBXFileReference; lastKnownFileType = folder.assetcatalog; path = "Preview Assets.xcassets"; sourceTree = "<group>"; };
		87DCB34C2845940700A6FAB6 /* DoCatchTryThrowsBootcamp.swift */ = {isa = PBXFileReference; lastKnownFileType = sourcecode.swift; path = DoCatchTryThrowsBootcamp.swift; sourceTree = "<group>"; };
		87DCB34E28469C9F00A6FAB6 /* DownloadImageAsync.swift */ = {isa = PBXFileReference; lastKnownFileType = sourcecode.swift; path = DownloadImageAsync.swift; sourceTree = "<group>"; };
		87DCB3502847046000A6FAB6 /* AsyncAwaitBootcamp.swift */ = {isa = PBXFileReference; lastKnownFileType = sourcecode.swift; path = AsyncAwaitBootcamp.swift; sourceTree = "<group>"; };
		87DCB35228470B0F00A6FAB6 /* TaskBootcamp.swift */ = {isa = PBXFileReference; lastKnownFileType = sourcecode.swift; path = TaskBootcamp.swift; sourceTree = "<group>"; };
		87FA3D1C28BC559C008552FC /* UserAndPosts.swift */ = {isa = PBXFileReference; lastKnownFileType = sourcecode.swift; path = UserAndPosts.swift; sourceTree = "<group>"; };
/* End PBXFileReference section */

/* Begin PBXFrameworksBuildPhase section */
		87DCB3382845917400A6FAB6 /* Frameworks */ = {
			isa = PBXFrameworksBuildPhase;
			buildActionMask = 2147483647;
			files = (
			);
			runOnlyForDeploymentPostprocessing = 0;
		};
/* End PBXFrameworksBuildPhase section */

/* Begin PBXGroup section */
		87A5FCFA289A218600E24335 /* CWC_Concurrency */ = {
			isa = PBXGroup;
			children = (
				87A5FD06289D59C700E24335 /* ViewModels */,
				87A5FD05289C2AD200E24335 /* Views */,
				87A5FD00289A24E000E24335 /* Services */,
				87A5FCFB289A21AC00E24335 /* Models */,
			);
			path = CWC_Concurrency;
			sourceTree = "<group>";
		};
		87A5FCFB289A21AC00E24335 /* Models */ = {
			isa = PBXGroup;
			children = (
				87A5FCFC289A21B500E24335 /* Users.swift */,
				87A5FCFE289A247100E24335 /* Post.swift */,
				87FA3D1C28BC559C008552FC /* UserAndPosts.swift */,
			);
			path = Models;
			sourceTree = "<group>";
		};
		87A5FD00289A24E000E24335 /* Services */ = {
			isa = PBXGroup;
			children = (
				87A5FD01289A24E900E24335 /* APIService.swift */,
			);
			path = Services;
			sourceTree = "<group>";
		};
		87A5FD05289C2AD200E24335 /* Views */ = {
			isa = PBXGroup;
			children = (
				87A5FD03289C2AB300E24335 /* UserListView.swift */,
				87A5FD0D289D739E00E24335 /* PostListView.swift */,
			);
			path = Views;
			sourceTree = "<group>";
		};
		87A5FD06289D59C700E24335 /* ViewModels */ = {
			isa = PBXGroup;
			children = (
				87A5FD07289D59D200E24335 /* UserListViewModel.swift */,
				87A5FD0B289D730000E24335 /* PostListViewModel.swift */,
			);
			path = ViewModels;
			sourceTree = "<group>";
		};
		87DCB3322845917400A6FAB6 = {
			isa = PBXGroup;
			children = (
				87A5FCFA289A218600E24335 /* CWC_Concurrency */,
				87DCB33D2845917400A6FAB6 /* SwiftConcurrencyBootcamp */,
				87DCB33C2845917400A6FAB6 /* Products */,
			);
			sourceTree = "<group>";
		};
		87DCB33C2845917400A6FAB6 /* Products */ = {
			isa = PBXGroup;
			children = (
				87DCB33B2845917400A6FAB6 /* SwiftConcurrencyBootcamp.app */,
			);
			name = Products;
			sourceTree = "<group>";
		};
		87DCB33D2845917400A6FAB6 /* SwiftConcurrencyBootcamp */ = {
			isa = PBXGroup;
			children = (
				87DCB33E2845917400A6FAB6 /* SwiftConcurrencyBootcampApp.swift */,
				87DCB3402845917400A6FAB6 /* ContentView.swift */,
				87DCB3422845917400A6FAB6 /* Assets.xcassets */,
				87DCB3442845917400A6FAB6 /* Preview Content */,
				87DCB34C2845940700A6FAB6 /* DoCatchTryThrowsBootcamp.swift */,
				87DCB34E28469C9F00A6FAB6 /* DownloadImageAsync.swift */,
				87DCB3502847046000A6FAB6 /* AsyncAwaitBootcamp.swift */,
				87DCB35228470B0F00A6FAB6 /* TaskBootcamp.swift */,
				875D652328C69F4B00AAEA5B /* AsyncLetBootcamp.swift */,
				87243C9828D94510002579C8 /* TaskGroupBootcamp.swift */,
				87C27D4128E1E1B700210749 /* CheckedContinuationBootcamp.swift */,
				8790DF2D28E3399E00DBF197 /* StructClassActorBootcamp.swift */,
			);
			path = SwiftConcurrencyBootcamp;
			sourceTree = "<group>";
		};
		87DCB3442845917400A6FAB6 /* Preview Content */ = {
			isa = PBXGroup;
			children = (
				87DCB3452845917400A6FAB6 /* Preview Assets.xcassets */,
			);
			path = "Preview Content";
			sourceTree = "<group>";
		};
/* End PBXGroup section */

/* Begin PBXNativeTarget section */
		87DCB33A2845917400A6FAB6 /* SwiftConcurrencyBootcamp */ = {
			isa = PBXNativeTarget;
			buildConfigurationList = 87DCB3492845917400A6FAB6 /* Build configuration list for PBXNativeTarget "SwiftConcurrencyBootcamp" */;
			buildPhases = (
				87DCB3372845917400A6FAB6 /* Sources */,
				87DCB3382845917400A6FAB6 /* Frameworks */,
				87DCB3392845917400A6FAB6 /* Resources */,
			);
			buildRules = (
			);
			dependencies = (
			);
			name = SwiftConcurrencyBootcamp;
			productName = SwiftConcurrencyBootcamp;
			productReference = 87DCB33B2845917400A6FAB6 /* SwiftConcurrencyBootcamp.app */;
			productType = "com.apple.product-type.application";
		};
/* End PBXNativeTarget section */

/* Begin PBXProject section */
		87DCB3332845917400A6FAB6 /* Project object */ = {
			isa = PBXProject;
			attributes = {
				BuildIndependentTargetsInParallel = 1;
				LastSwiftUpdateCheck = 1340;
				LastUpgradeCheck = 1340;
				TargetAttributes = {
					87DCB33A2845917400A6FAB6 = {
						CreatedOnToolsVersion = 13.4;
					};
				};
			};
			buildConfigurationList = 87DCB3362845917400A6FAB6 /* Build configuration list for PBXProject "SwiftConcurrencyBootcamp" */;
			compatibilityVersion = "Xcode 13.0";
			developmentRegion = en;
			hasScannedForEncodings = 0;
			knownRegions = (
				en,
				Base,
			);
			mainGroup = 87DCB3322845917400A6FAB6;
			productRefGroup = 87DCB33C2845917400A6FAB6 /* Products */;
			projectDirPath = "";
			projectRoot = "";
			targets = (
				87DCB33A2845917400A6FAB6 /* SwiftConcurrencyBootcamp */,
			);
		};
/* End PBXProject section */

/* Begin PBXResourcesBuildPhase section */
		87DCB3392845917400A6FAB6 /* Resources */ = {
			isa = PBXResourcesBuildPhase;
			buildActionMask = 2147483647;
			files = (
				87DCB3462845917400A6FAB6 /* Preview Assets.xcassets in Resources */,
				87DCB3432845917400A6FAB6 /* Assets.xcassets in Resources */,
			);
			runOnlyForDeploymentPostprocessing = 0;
		};
/* End PBXResourcesBuildPhase section */

/* Begin PBXSourcesBuildPhase section */
		87DCB3372845917400A6FAB6 /* Sources */ = {
			isa = PBXSourcesBuildPhase;
			buildActionMask = 2147483647;
			files = (
				87DCB34F28469C9F00A6FAB6 /* DownloadImageAsync.swift in Sources */,
				87A5FD08289D59D200E24335 /* UserListViewModel.swift in Sources */,
				8790DF2E28E3399E00DBF197 /* StructClassActorBootcamp.swift in Sources */,
				87FA3D1D28BC559C008552FC /* UserAndPosts.swift in Sources */,
				87A5FD04289C2AB300E24335 /* UserListView.swift in Sources */,
				87243C9928D94510002579C8 /* TaskGroupBootcamp.swift in Sources */,
				87DCB34D2845940700A6FAB6 /* DoCatchTryThrowsBootcamp.swift in Sources */,
				87DCB3412845917400A6FAB6 /* ContentView.swift in Sources */,
				87A5FD0E289D739E00E24335 /* PostListView.swift in Sources */,
				87A5FCFF289A247100E24335 /* Post.swift in Sources */,
				87DCB35328470B0F00A6FAB6 /* TaskBootcamp.swift in Sources */,
				87DCB3512847046000A6FAB6 /* AsyncAwaitBootcamp.swift in Sources */,
				87A5FD0C289D730000E24335 /* PostListViewModel.swift in Sources */,
				875D652428C69F4B00AAEA5B /* AsyncLetBootcamp.swift in Sources */,
				87DCB33F2845917400A6FAB6 /* SwiftConcurrencyBootcampApp.swift in Sources */,
				87A5FD02289A24E900E24335 /* APIService.swift in Sources */,
				87C27D4228E1E1B700210749 /* CheckedContinuationBootcamp.swift in Sources */,
				87A5FCFD289A21B500E24335 /* Users.swift in Sources */,
			);
			runOnlyForDeploymentPostprocessing = 0;
		};
/* End PBXSourcesBuildPhase section */

/* Begin XCBuildConfiguration section */
		87DCB3472845917400A6FAB6 /* Debug */ = {
			isa = XCBuildConfiguration;
			buildSettings = {
				ALWAYS_SEARCH_USER_PATHS = NO;
				CLANG_ANALYZER_NONNULL = YES;
				CLANG_ANALYZER_NUMBER_OBJECT_CONVERSION = YES_AGGRESSIVE;
				CLANG_CXX_LANGUAGE_STANDARD = "gnu++17";
				CLANG_ENABLE_MODULES = YES;
				CLANG_ENABLE_OBJC_ARC = YES;
				CLANG_ENABLE_OBJC_WEAK = YES;
				CLANG_WARN_BLOCK_CAPTURE_AUTORELEASING = YES;
				CLANG_WARN_BOOL_CONVERSION = YES;
				CLANG_WARN_COMMA = YES;
				CLANG_WARN_CONSTANT_CONVERSION = YES;
				CLANG_WARN_DEPRECATED_OBJC_IMPLEMENTATIONS = YES;
				CLANG_WARN_DIRECT_OBJC_ISA_USAGE = YES_ERROR;
				CLANG_WARN_DOCUMENTATION_COMMENTS = YES;
				CLANG_WARN_EMPTY_BODY = YES;
				CLANG_WARN_ENUM_CONVERSION = YES;
				CLANG_WARN_INFINITE_RECURSION = YES;
				CLANG_WARN_INT_CONVERSION = YES;
				CLANG_WARN_NON_LITERAL_NULL_CONVERSION = YES;
				CLANG_WARN_OBJC_IMPLICIT_RETAIN_SELF = YES;
				CLANG_WARN_OBJC_LITERAL_CONVERSION = YES;
				CLANG_WARN_OBJC_ROOT_CLASS = YES_ERROR;
				CLANG_WARN_QUOTED_INCLUDE_IN_FRAMEWORK_HEADER = YES;
				CLANG_WARN_RANGE_LOOP_ANALYSIS = YES;
				CLANG_WARN_STRICT_PROTOTYPES = YES;
				CLANG_WARN_SUSPICIOUS_MOVE = YES;
				CLANG_WARN_UNGUARDED_AVAILABILITY = YES_AGGRESSIVE;
				CLANG_WARN_UNREACHABLE_CODE = YES;
				CLANG_WARN__DUPLICATE_METHOD_MATCH = YES;
				COPY_PHASE_STRIP = NO;
				DEBUG_INFORMATION_FORMAT = dwarf;
				ENABLE_STRICT_OBJC_MSGSEND = YES;
				ENABLE_TESTABILITY = YES;
				GCC_C_LANGUAGE_STANDARD = gnu11;
				GCC_DYNAMIC_NO_PIC = NO;
				GCC_NO_COMMON_BLOCKS = YES;
				GCC_OPTIMIZATION_LEVEL = 0;
				GCC_PREPROCESSOR_DEFINITIONS = (
					"DEBUG=1",
					"$(inherited)",
				);
				GCC_WARN_64_TO_32_BIT_CONVERSION = YES;
				GCC_WARN_ABOUT_RETURN_TYPE = YES_ERROR;
				GCC_WARN_UNDECLARED_SELECTOR = YES;
				GCC_WARN_UNINITIALIZED_AUTOS = YES_AGGRESSIVE;
				GCC_WARN_UNUSED_FUNCTION = YES;
				GCC_WARN_UNUSED_VARIABLE = YES;
				IPHONEOS_DEPLOYMENT_TARGET = 15.5;
				MTL_ENABLE_DEBUG_INFO = INCLUDE_SOURCE;
				MTL_FAST_MATH = YES;
				ONLY_ACTIVE_ARCH = YES;
				SDKROOT = iphoneos;
				SWIFT_ACTIVE_COMPILATION_CONDITIONS = DEBUG;
				SWIFT_OPTIMIZATION_LEVEL = "-Onone";
			};
			name = Debug;
		};
		87DCB3482845917400A6FAB6 /* Release */ = {
			isa = XCBuildConfiguration;
			buildSettings = {
				ALWAYS_SEARCH_USER_PATHS = NO;
				CLANG_ANALYZER_NONNULL = YES;
				CLANG_ANALYZER_NUMBER_OBJECT_CONVERSION = YES_AGGRESSIVE;
				CLANG_CXX_LANGUAGE_STANDARD = "gnu++17";
				CLANG_ENABLE_MODULES = YES;
				CLANG_ENABLE_OBJC_ARC = YES;
				CLANG_ENABLE_OBJC_WEAK = YES;
				CLANG_WARN_BLOCK_CAPTURE_AUTORELEASING = YES;
				CLANG_WARN_BOOL_CONVERSION = YES;
				CLANG_WARN_COMMA = YES;
				CLANG_WARN_CONSTANT_CONVERSION = YES;
				CLANG_WARN_DEPRECATED_OBJC_IMPLEMENTATIONS = YES;
				CLANG_WARN_DIRECT_OBJC_ISA_USAGE = YES_ERROR;
				CLANG_WARN_DOCUMENTATION_COMMENTS = YES;
				CLANG_WARN_EMPTY_BODY = YES;
				CLANG_WARN_ENUM_CONVERSION = YES;
				CLANG_WARN_INFINITE_RECURSION = YES;
				CLANG_WARN_INT_CONVERSION = YES;
				CLANG_WARN_NON_LITERAL_NULL_CONVERSION = YES;
				CLANG_WARN_OBJC_IMPLICIT_RETAIN_SELF = YES;
				CLANG_WARN_OBJC_LITERAL_CONVERSION = YES;
				CLANG_WARN_OBJC_ROOT_CLASS = YES_ERROR;
				CLANG_WARN_QUOTED_INCLUDE_IN_FRAMEWORK_HEADER = YES;
				CLANG_WARN_RANGE_LOOP_ANALYSIS = YES;
				CLANG_WARN_STRICT_PROTOTYPES = YES;
				CLANG_WARN_SUSPICIOUS_MOVE = YES;
				CLANG_WARN_UNGUARDED_AVAILABILITY = YES_AGGRESSIVE;
				CLANG_WARN_UNREACHABLE_CODE = YES;
				CLANG_WARN__DUPLICATE_METHOD_MATCH = YES;
				COPY_PHASE_STRIP = NO;
				DEBUG_INFORMATION_FORMAT = "dwarf-with-dsym";
				ENABLE_NS_ASSERTIONS = NO;
				ENABLE_STRICT_OBJC_MSGSEND = YES;
				GCC_C_LANGUAGE_STANDARD = gnu11;
				GCC_NO_COMMON_BLOCKS = YES;
				GCC_WARN_64_TO_32_BIT_CONVERSION = YES;
				GCC_WARN_ABOUT_RETURN_TYPE = YES_ERROR;
				GCC_WARN_UNDECLARED_SELECTOR = YES;
				GCC_WARN_UNINITIALIZED_AUTOS = YES_AGGRESSIVE;
				GCC_WARN_UNUSED_FUNCTION = YES;
				GCC_WARN_UNUSED_VARIABLE = YES;
				IPHONEOS_DEPLOYMENT_TARGET = 15.5;
				MTL_ENABLE_DEBUG_INFO = NO;
				MTL_FAST_MATH = YES;
				SDKROOT = iphoneos;
				SWIFT_COMPILATION_MODE = wholemodule;
				SWIFT_OPTIMIZATION_LEVEL = "-O";
				VALIDATE_PRODUCT = YES;
			};
			name = Release;
		};
		87DCB34A2845917400A6FAB6 /* Debug */ = {
			isa = XCBuildConfiguration;
			buildSettings = {
				ASSETCATALOG_COMPILER_APPICON_NAME = AppIcon;
				ASSETCATALOG_COMPILER_GLOBAL_ACCENT_COLOR_NAME = AccentColor;
				CODE_SIGN_STYLE = Automatic;
				CURRENT_PROJECT_VERSION = 1;
				DEVELOPMENT_ASSET_PATHS = "\"SwiftConcurrencyBootcamp/Preview Content\"";
				DEVELOPMENT_TEAM = 2EDDZGZ55S;
				ENABLE_PREVIEWS = YES;
				GENERATE_INFOPLIST_FILE = YES;
				INFOPLIST_KEY_UIApplicationSceneManifest_Generation = YES;
				INFOPLIST_KEY_UIApplicationSupportsIndirectInputEvents = YES;
				INFOPLIST_KEY_UILaunchScreen_Generation = YES;
				INFOPLIST_KEY_UISupportedInterfaceOrientations_iPad = "UIInterfaceOrientationPortrait UIInterfaceOrientationPortraitUpsideDown UIInterfaceOrientationLandscapeLeft UIInterfaceOrientationLandscapeRight";
				INFOPLIST_KEY_UISupportedInterfaceOrientations_iPhone = "UIInterfaceOrientationPortrait UIInterfaceOrientationLandscapeLeft UIInterfaceOrientationLandscapeRight";
				LD_RUNPATH_SEARCH_PATHS = (
					"$(inherited)",
					"@executable_path/Frameworks",
				);
				MARKETING_VERSION = 1.0;
				PRODUCT_BUNDLE_IDENTIFIER = jandaur.anmol.SwiftConcurrencyBootcamp;
				PRODUCT_NAME = "$(TARGET_NAME)";
				SWIFT_EMIT_LOC_STRINGS = YES;
				SWIFT_VERSION = 5.0;
				TARGETED_DEVICE_FAMILY = "1,2";
			};
			name = Debug;
		};
		87DCB34B2845917400A6FAB6 /* Release */ = {
			isa = XCBuildConfiguration;
			buildSettings = {
				ASSETCATALOG_COMPILER_APPICON_NAME = AppIcon;
				ASSETCATALOG_COMPILER_GLOBAL_ACCENT_COLOR_NAME = AccentColor;
				CODE_SIGN_STYLE = Automatic;
				CURRENT_PROJECT_VERSION = 1;
				DEVELOPMENT_ASSET_PATHS = "\"SwiftConcurrencyBootcamp/Preview Content\"";
				DEVELOPMENT_TEAM = 2EDDZGZ55S;
				ENABLE_PREVIEWS = YES;
				GENERATE_INFOPLIST_FILE = YES;
				INFOPLIST_KEY_UIApplicationSceneManifest_Generation = YES;
				INFOPLIST_KEY_UIApplicationSupportsIndirectInputEvents = YES;
				INFOPLIST_KEY_UILaunchScreen_Generation = YES;
				INFOPLIST_KEY_UISupportedInterfaceOrientations_iPad = "UIInterfaceOrientationPortrait UIInterfaceOrientationPortraitUpsideDown UIInterfaceOrientationLandscapeLeft UIInterfaceOrientationLandscapeRight";
				INFOPLIST_KEY_UISupportedInterfaceOrientations_iPhone = "UIInterfaceOrientationPortrait UIInterfaceOrientationLandscapeLeft UIInterfaceOrientationLandscapeRight";
				LD_RUNPATH_SEARCH_PATHS = (
					"$(inherited)",
					"@executable_path/Frameworks",
				);
				MARKETING_VERSION = 1.0;
				PRODUCT_BUNDLE_IDENTIFIER = jandaur.anmol.SwiftConcurrencyBootcamp;
				PRODUCT_NAME = "$(TARGET_NAME)";
				SWIFT_EMIT_LOC_STRINGS = YES;
				SWIFT_VERSION = 5.0;
				TARGETED_DEVICE_FAMILY = "1,2";
			};
			name = Release;
		};
/* End XCBuildConfiguration section */

/* Begin XCConfigurationList section */
		87DCB3362845917400A6FAB6 /* Build configuration list for PBXProject "SwiftConcurrencyBootcamp" */ = {
			isa = XCConfigurationList;
			buildConfigurations = (
				87DCB3472845917400A6FAB6 /* Debug */,
				87DCB3482845917400A6FAB6 /* Release */,
			);
			defaultConfigurationIsVisible = 0;
			defaultConfigurationName = Release;
		};
		87DCB3492845917400A6FAB6 /* Build configuration list for PBXNativeTarget "SwiftConcurrencyBootcamp" */ = {
			isa = XCConfigurationList;
			buildConfigurations = (
				87DCB34A2845917400A6FAB6 /* Debug */,
				87DCB34B2845917400A6FAB6 /* Release */,
			);
			defaultConfigurationIsVisible = 0;
			defaultConfigurationName = Release;
		};
/* End XCConfigurationList section */
	};
	rootObject = 87DCB3332845917400A6FAB6 /* Project object */;
}
