// !$*UTF8*$!
{
	archiveVersion = 1;
	classes = {
	};
	objectVersion = 55;
	objects = {

/* Begin PBXBuildFile section */
		8716BA8C28938A6C009F23A5 /* AnyTransitionBootcamp.swift in Sources */ = {isa = PBXBuildFile; fileRef = 8716BA8B28938A6C009F23A5 /* AnyTransitionBootcamp.swift */; };
		872433CC288F978400703173 /* ButtonStyleBootcamp.swift in Sources */ = {isa = PBXBuildFile; fileRef = 872433CB288F978400703173 /* ButtonStyleBootcamp.swift */; };
		874D380F299D21AF001E8836 /* CustomCurveBootcamp.swift in Sources */ = {isa = PBXBuildFile; fileRef = 874D380E299D21AF001E8836 /* CustomCurveBootcamp.swift */; };
		874D3811299D27A4001E8836 /* AnimateableDataBootcamp.swift in Sources */ = {isa = PBXBuildFile; fileRef = 874D3810299D27A4001E8836 /* AnimateableDataBootcamp.swift */; };
		8750A4AD29D5D39B006E495A /* UnitTestingBootcampView.swift in Sources */ = {isa = PBXBuildFile; fileRef = 8750A4AC29D5D39B006E495A /* UnitTestingBootcampView.swift */; };
		8750A4AF29D5D48C006E495A /* UnitTestingBootcampVM.swift in Sources */ = {isa = PBXBuildFile; fileRef = 8750A4AE29D5D48C006E495A /* UnitTestingBootcampVM.swift */; };
		8750A4B729D5D527006E495A /* AdvancedLearning_Tests.swift in Sources */ = {isa = PBXBuildFile; fileRef = 8750A4B629D5D527006E495A /* AdvancedLearning_Tests.swift */; };
		8750A4BE29D5DA25006E495A /* UnitTestingBootcampViewModel_Tests.swift in Sources */ = {isa = PBXBuildFile; fileRef = 8750A4BD29D5DA25006E495A /* UnitTestingBootcampViewModel_Tests.swift */; };
		8750A4C029DB33F5006E495A /* NewMockDataService.swift in Sources */ = {isa = PBXBuildFile; fileRef = 8750A4BF29DB33F5006E495A /* NewMockDataService.swift */; };
		8750A4C229DB341D006E495A /* NewMockDataService_Tests.swift in Sources */ = {isa = PBXBuildFile; fileRef = 8750A4C129DB341D006E495A /* NewMockDataService_Tests.swift */; };
		8750A4C429E0749D006E495A /* UITestingBootcampView.swift in Sources */ = {isa = PBXBuildFile; fileRef = 8750A4C329E0749D006E495A /* UITestingBootcampView.swift */; };
		8750A4CC29E07E0F006E495A /* AdvancedLearning_UITests.swift in Sources */ = {isa = PBXBuildFile; fileRef = 8750A4CB29E07E0F006E495A /* AdvancedLearning_UITests.swift */; };
		8750A4CE29E07E0F006E495A /* AdvancedLearning_UITestsLaunchTests.swift in Sources */ = {isa = PBXBuildFile; fileRef = 8750A4CD29E07E0F006E495A /* AdvancedLearning_UITestsLaunchTests.swift */; };
		8750A4D529E07FAE006E495A /* UITestingBootcampView_UITests.swift in Sources */ = {isa = PBXBuildFile; fileRef = 8750A4D429E07FAE006E495A /* UITestingBootcampView_UITests.swift */; };
		87539A1B29A66BD500AFEC7D /* PreferenceKeyBootcamp.swift in Sources */ = {isa = PBXBuildFile; fileRef = 87539A1A29A66BD500AFEC7D /* PreferenceKeyBootcamp.swift */; };
		87539A1E29A6745E00AFEC7D /* GeometryPreferenceKeyBootcamp.swift in Sources */ = {isa = PBXBuildFile; fileRef = 87539A1D29A6745E00AFEC7D /* GeometryPreferenceKeyBootcamp.swift */; };
		87539A2029A7B43000AFEC7D /* ScrollViewOffsetPreferenceKeyBootcamp.swift in Sources */ = {isa = PBXBuildFile; fileRef = 87539A1F29A7B43000AFEC7D /* ScrollViewOffsetPreferenceKeyBootcamp.swift */; };
		87539A2229AD703000AFEC7D /* UIViewRepresentableBootcamp.swift in Sources */ = {isa = PBXBuildFile; fileRef = 87539A2129AD703000AFEC7D /* UIViewRepresentableBootcamp.swift */; };
		87539A4629B5447900AFEC7D /* UIViewControllerRepresentableBootcamp.swift in Sources */ = {isa = PBXBuildFile; fileRef = 87539A4529B5447900AFEC7D /* UIViewControllerRepresentableBootcamp.swift */; };
		87539A4829B5575E00AFEC7D /* ProtocolsBootcamp.swift in Sources */ = {isa = PBXBuildFile; fileRef = 87539A4729B5575E00AFEC7D /* ProtocolsBootcamp.swift */; };
		87539A4A29B78B3900AFEC7D /* DependencyInjectionBootcamp.swift in Sources */ = {isa = PBXBuildFile; fileRef = 87539A4929B78B3900AFEC7D /* DependencyInjectionBootcamp.swift */; };
		8765A8EE29A18747001F3511 /* GenericsBootcamp.swift in Sources */ = {isa = PBXBuildFile; fileRef = 8765A8ED29A18747001F3511 /* GenericsBootcamp.swift */; };
		8765A8F029A1B920001F3511 /* ViewbuilderBootcamp.swift in Sources */ = {isa = PBXBuildFile; fileRef = 8765A8EF29A1B920001F3511 /* ViewbuilderBootcamp.swift */; };
		87953D49288E2907002CF234 /* AdvancedLearningApp.swift in Sources */ = {isa = PBXBuildFile; fileRef = 87953D48288E2907002CF234 /* AdvancedLearningApp.swift */; };
		87953D4D288E2908002CF234 /* Assets.xcassets in Resources */ = {isa = PBXBuildFile; fileRef = 87953D4C288E2908002CF234 /* Assets.xcassets */; };
		87953D50288E2908002CF234 /* Preview Assets.xcassets in Resources */ = {isa = PBXBuildFile; fileRef = 87953D4F288E2908002CF234 /* Preview Assets.xcassets */; };
		87953D57288E2B17002CF234 /* ViewModifierBootcamp.swift in Sources */ = {isa = PBXBuildFile; fileRef = 87953D56288E2B17002CF234 /* ViewModifierBootcamp.swift */; };
		87A5FCF728989B9A00E24335 /* MatchedGeometryEffectBootcamp.swift in Sources */ = {isa = PBXBuildFile; fileRef = 87A5FCF628989B9A00E24335 /* MatchedGeometryEffectBootcamp.swift */; };
		87A5FCF9289A01A200E24335 /* CustomShapeBootcamp.swift in Sources */ = {isa = PBXBuildFile; fileRef = 87A5FCF8289A01A200E24335 /* CustomShapeBootcamp.swift */; };
/* End PBXBuildFile section */

/* Begin PBXContainerItemProxy section */
		8750A4B829D5D527006E495A /* PBXContainerItemProxy */ = {
			isa = PBXContainerItemProxy;
			containerPortal = 87953D3D288E2907002CF234 /* Project object */;
			proxyType = 1;
			remoteGlobalIDString = 87953D44288E2907002CF234;
			remoteInfo = AdvancedLearning;
		};
		8750A4CF29E07E0F006E495A /* PBXContainerItemProxy */ = {
			isa = PBXContainerItemProxy;
			containerPortal = 87953D3D288E2907002CF234 /* Project object */;
			proxyType = 1;
			remoteGlobalIDString = 87953D44288E2907002CF234;
			remoteInfo = AdvancedLearning;
		};
/* End PBXContainerItemProxy section */

/* Begin PBXFileReference section */
		8716BA8B28938A6C009F23A5 /* AnyTransitionBootcamp.swift */ = {isa = PBXFileReference; lastKnownFileType = sourcecode.swift; path = AnyTransitionBootcamp.swift; sourceTree = "<group>"; };
		872433CB288F978400703173 /* ButtonStyleBootcamp.swift */ = {isa = PBXFileReference; lastKnownFileType = sourcecode.swift; path = ButtonStyleBootcamp.swift; sourceTree = "<group>"; };
		874D380E299D21AF001E8836 /* CustomCurveBootcamp.swift */ = {isa = PBXFileReference; lastKnownFileType = sourcecode.swift; path = CustomCurveBootcamp.swift; sourceTree = "<group>"; };
		874D3810299D27A4001E8836 /* AnimateableDataBootcamp.swift */ = {isa = PBXFileReference; lastKnownFileType = sourcecode.swift; path = AnimateableDataBootcamp.swift; sourceTree = "<group>"; };
		8750A4AC29D5D39B006E495A /* UnitTestingBootcampView.swift */ = {isa = PBXFileReference; lastKnownFileType = sourcecode.swift; path = UnitTestingBootcampView.swift; sourceTree = "<group>"; };
		8750A4AE29D5D48C006E495A /* UnitTestingBootcampVM.swift */ = {isa = PBXFileReference; lastKnownFileType = sourcecode.swift; path = UnitTestingBootcampVM.swift; sourceTree = "<group>"; };
		8750A4B429D5D527006E495A /* AdvancedLearning_Tests.xctest */ = {isa = PBXFileReference; explicitFileType = wrapper.cfbundle; includeInIndex = 0; path = AdvancedLearning_Tests.xctest; sourceTree = BUILT_PRODUCTS_DIR; };
		8750A4B629D5D527006E495A /* AdvancedLearning_Tests.swift */ = {isa = PBXFileReference; lastKnownFileType = sourcecode.swift; path = AdvancedLearning_Tests.swift; sourceTree = "<group>"; };
		8750A4BD29D5DA25006E495A /* UnitTestingBootcampViewModel_Tests.swift */ = {isa = PBXFileReference; lastKnownFileType = sourcecode.swift; path = UnitTestingBootcampViewModel_Tests.swift; sourceTree = "<group>"; };
		8750A4BF29DB33F5006E495A /* NewMockDataService.swift */ = {isa = PBXFileReference; lastKnownFileType = sourcecode.swift; path = NewMockDataService.swift; sourceTree = "<group>"; };
		8750A4C129DB341D006E495A /* NewMockDataService_Tests.swift */ = {isa = PBXFileReference; lastKnownFileType = sourcecode.swift; path = NewMockDataService_Tests.swift; sourceTree = "<group>"; };
		8750A4C329E0749D006E495A /* UITestingBootcampView.swift */ = {isa = PBXFileReference; lastKnownFileType = sourcecode.swift; path = UITestingBootcampView.swift; sourceTree = "<group>"; };
		8750A4C929E07E0F006E495A /* AdvancedLearning_UITests.xctest */ = {isa = PBXFileReference; explicitFileType = wrapper.cfbundle; includeInIndex = 0; path = AdvancedLearning_UITests.xctest; sourceTree = BUILT_PRODUCTS_DIR; };
		8750A4CB29E07E0F006E495A /* AdvancedLearning_UITests.swift */ = {isa = PBXFileReference; lastKnownFileType = sourcecode.swift; path = AdvancedLearning_UITests.swift; sourceTree = "<group>"; };
		8750A4CD29E07E0F006E495A /* AdvancedLearning_UITestsLaunchTests.swift */ = {isa = PBXFileReference; lastKnownFileType = sourcecode.swift; path = AdvancedLearning_UITestsLaunchTests.swift; sourceTree = "<group>"; };
		8750A4D429E07FAE006E495A /* UITestingBootcampView_UITests.swift */ = {isa = PBXFileReference; lastKnownFileType = sourcecode.swift; path = UITestingBootcampView_UITests.swift; sourceTree = "<group>"; };
		87539A1A29A66BD500AFEC7D /* PreferenceKeyBootcamp.swift */ = {isa = PBXFileReference; lastKnownFileType = sourcecode.swift; path = PreferenceKeyBootcamp.swift; sourceTree = "<group>"; };
		87539A1D29A6745E00AFEC7D /* GeometryPreferenceKeyBootcamp.swift */ = {isa = PBXFileReference; lastKnownFileType = sourcecode.swift; path = GeometryPreferenceKeyBootcamp.swift; sourceTree = "<group>"; };
		87539A1F29A7B43000AFEC7D /* ScrollViewOffsetPreferenceKeyBootcamp.swift */ = {isa = PBXFileReference; lastKnownFileType = sourcecode.swift; path = ScrollViewOffsetPreferenceKeyBootcamp.swift; sourceTree = "<group>"; };
		87539A2129AD703000AFEC7D /* UIViewRepresentableBootcamp.swift */ = {isa = PBXFileReference; lastKnownFileType = sourcecode.swift; path = UIViewRepresentableBootcamp.swift; sourceTree = "<group>"; };
		87539A4529B5447900AFEC7D /* UIViewControllerRepresentableBootcamp.swift */ = {isa = PBXFileReference; lastKnownFileType = sourcecode.swift; path = UIViewControllerRepresentableBootcamp.swift; sourceTree = "<group>"; };
		87539A4729B5575E00AFEC7D /* ProtocolsBootcamp.swift */ = {isa = PBXFileReference; lastKnownFileType = sourcecode.swift; path = ProtocolsBootcamp.swift; sourceTree = "<group>"; };
		87539A4929B78B3900AFEC7D /* DependencyInjectionBootcamp.swift */ = {isa = PBXFileReference; lastKnownFileType = sourcecode.swift; path = DependencyInjectionBootcamp.swift; sourceTree = "<group>"; };
		8765A8ED29A18747001F3511 /* GenericsBootcamp.swift */ = {isa = PBXFileReference; lastKnownFileType = sourcecode.swift; path = GenericsBootcamp.swift; sourceTree = "<group>"; };
		8765A8EF29A1B920001F3511 /* ViewbuilderBootcamp.swift */ = {isa = PBXFileReference; lastKnownFileType = sourcecode.swift; path = ViewbuilderBootcamp.swift; sourceTree = "<group>"; };
		87953D45288E2907002CF234 /* AdvancedLearning.app */ = {isa = PBXFileReference; explicitFileType = wrapper.application; includeInIndex = 0; path = AdvancedLearning.app; sourceTree = BUILT_PRODUCTS_DIR; };
		87953D48288E2907002CF234 /* AdvancedLearningApp.swift */ = {isa = PBXFileReference; lastKnownFileType = sourcecode.swift; path = AdvancedLearningApp.swift; sourceTree = "<group>"; };
		87953D4C288E2908002CF234 /* Assets.xcassets */ = {isa = PBXFileReference; lastKnownFileType = folder.assetcatalog; path = Assets.xcassets; sourceTree = "<group>"; };
		87953D4F288E2908002CF234 /* Preview Assets.xcassets */ = {isa = PBXFileReference; lastKnownFileType = folder.assetcatalog; path = "Preview Assets.xcassets"; sourceTree = "<group>"; };
		87953D56288E2B17002CF234 /* ViewModifierBootcamp.swift */ = {isa = PBXFileReference; lastKnownFileType = sourcecode.swift; path = ViewModifierBootcamp.swift; sourceTree = "<group>"; };
		87A5FCF628989B9A00E24335 /* MatchedGeometryEffectBootcamp.swift */ = {isa = PBXFileReference; lastKnownFileType = sourcecode.swift; path = MatchedGeometryEffectBootcamp.swift; sourceTree = "<group>"; };
		87A5FCF8289A01A200E24335 /* CustomShapeBootcamp.swift */ = {isa = PBXFileReference; lastKnownFileType = sourcecode.swift; path = CustomShapeBootcamp.swift; sourceTree = "<group>"; };
/* End PBXFileReference section */

/* Begin PBXFrameworksBuildPhase section */
		8750A4B129D5D527006E495A /* Frameworks */ = {
			isa = PBXFrameworksBuildPhase;
			buildActionMask = 2147483647;
			files = (
			);
			runOnlyForDeploymentPostprocessing = 0;
		};
		8750A4C629E07E0F006E495A /* Frameworks */ = {
			isa = PBXFrameworksBuildPhase;
			buildActionMask = 2147483647;
			files = (
			);
			runOnlyForDeploymentPostprocessing = 0;
		};
		87953D42288E2907002CF234 /* Frameworks */ = {
			isa = PBXFrameworksBuildPhase;
			buildActionMask = 2147483647;
			files = (
			);
			runOnlyForDeploymentPostprocessing = 0;
		};
/* End PBXFrameworksBuildPhase section */

/* Begin PBXGroup section */
		8750A4AB29D5D38C006E495A /* UnitTestingBootcamp */ = {
			isa = PBXGroup;
			children = (
				8750A4AC29D5D39B006E495A /* UnitTestingBootcampView.swift */,
				8750A4AE29D5D48C006E495A /* UnitTestingBootcampVM.swift */,
				8750A4BF29DB33F5006E495A /* NewMockDataService.swift */,
			);
			path = UnitTestingBootcamp;
			sourceTree = "<group>";
		};
		8750A4B529D5D527006E495A /* AdvancedLearning_Tests */ = {
			isa = PBXGroup;
			children = (
				8750A4B629D5D527006E495A /* AdvancedLearning_Tests.swift */,
				8750A4BD29D5DA25006E495A /* UnitTestingBootcampViewModel_Tests.swift */,
				8750A4C129DB341D006E495A /* NewMockDataService_Tests.swift */,
			);
			path = AdvancedLearning_Tests;
			sourceTree = "<group>";
		};
		8750A4CA29E07E0F006E495A /* AdvancedLearning_UITests */ = {
			isa = PBXGroup;
			children = (
				8750A4CB29E07E0F006E495A /* AdvancedLearning_UITests.swift */,
				8750A4CD29E07E0F006E495A /* AdvancedLearning_UITestsLaunchTests.swift */,
				8750A4D429E07FAE006E495A /* UITestingBootcampView_UITests.swift */,
			);
			path = AdvancedLearning_UITests;
			sourceTree = "<group>";
		};
		87539A1C29A6744A00AFEC7D /* PreferenceKeyBootcamp */ = {
			isa = PBXGroup;
			children = (
				87539A1A29A66BD500AFEC7D /* PreferenceKeyBootcamp.swift */,
				87539A1D29A6745E00AFEC7D /* GeometryPreferenceKeyBootcamp.swift */,
				87539A1F29A7B43000AFEC7D /* ScrollViewOffsetPreferenceKeyBootcamp.swift */,
			);
			path = PreferenceKeyBootcamp;
			sourceTree = "<group>";
		};
		87953D3C288E2907002CF234 = {
			isa = PBXGroup;
			children = (
				87953D47288E2907002CF234 /* AdvancedLearning */,
				8750A4B529D5D527006E495A /* AdvancedLearning_Tests */,
				8750A4CA29E07E0F006E495A /* AdvancedLearning_UITests */,
				87953D46288E2907002CF234 /* Products */,
			);
			sourceTree = "<group>";
		};
		87953D46288E2907002CF234 /* Products */ = {
			isa = PBXGroup;
			children = (
				87953D45288E2907002CF234 /* AdvancedLearning.app */,
				8750A4B429D5D527006E495A /* AdvancedLearning_Tests.xctest */,
				8750A4C929E07E0F006E495A /* AdvancedLearning_UITests.xctest */,
			);
			name = Products;
			sourceTree = "<group>";
		};
		87953D47288E2907002CF234 /* AdvancedLearning */ = {
			isa = PBXGroup;
			children = (
				8750A4AB29D5D38C006E495A /* UnitTestingBootcamp */,
				87539A1C29A6744A00AFEC7D /* PreferenceKeyBootcamp */,
				8765A8EF29A1B920001F3511 /* ViewbuilderBootcamp.swift */,
				87A5FCF8289A01A200E24335 /* CustomShapeBootcamp.swift */,
				87953D48288E2907002CF234 /* AdvancedLearningApp.swift */,
				87953D56288E2B17002CF234 /* ViewModifierBootcamp.swift */,
				87A5FCF628989B9A00E24335 /* MatchedGeometryEffectBootcamp.swift */,
				87953D4C288E2908002CF234 /* Assets.xcassets */,
				87953D4E288E2908002CF234 /* Preview Content */,
				872433CB288F978400703173 /* ButtonStyleBootcamp.swift */,
				8716BA8B28938A6C009F23A5 /* AnyTransitionBootcamp.swift */,
				874D380E299D21AF001E8836 /* CustomCurveBootcamp.swift */,
				874D3810299D27A4001E8836 /* AnimateableDataBootcamp.swift */,
				8765A8ED29A18747001F3511 /* GenericsBootcamp.swift */,
				87539A2129AD703000AFEC7D /* UIViewRepresentableBootcamp.swift */,
				87539A4529B5447900AFEC7D /* UIViewControllerRepresentableBootcamp.swift */,
				87539A4729B5575E00AFEC7D /* ProtocolsBootcamp.swift */,
				87539A4929B78B3900AFEC7D /* DependencyInjectionBootcamp.swift */,
				8750A4C329E0749D006E495A /* UITestingBootcampView.swift */,
			);
			path = AdvancedLearning;
			sourceTree = "<group>";
		};
		87953D4E288E2908002CF234 /* Preview Content */ = {
			isa = PBXGroup;
			children = (
				87953D4F288E2908002CF234 /* Preview Assets.xcassets */,
			);
			path = "Preview Content";
			sourceTree = "<group>";
		};
/* End PBXGroup section */

/* Begin PBXNativeTarget section */
		8750A4B329D5D527006E495A /* AdvancedLearning_Tests */ = {
			isa = PBXNativeTarget;
			buildConfigurationList = 8750A4BA29D5D527006E495A /* Build configuration list for PBXNativeTarget "AdvancedLearning_Tests" */;
			buildPhases = (
				8750A4B029D5D527006E495A /* Sources */,
				8750A4B129D5D527006E495A /* Frameworks */,
				8750A4B229D5D527006E495A /* Resources */,
			);
			buildRules = (
			);
			dependencies = (
				8750A4B929D5D527006E495A /* PBXTargetDependency */,
			);
			name = AdvancedLearning_Tests;
			productName = AdvancedLearning_Tests;
			productReference = 8750A4B429D5D527006E495A /* AdvancedLearning_Tests.xctest */;
			productType = "com.apple.product-type.bundle.unit-test";
		};
		8750A4C829E07E0F006E495A /* AdvancedLearning_UITests */ = {
			isa = PBXNativeTarget;
			buildConfigurationList = 8750A4D129E07E0F006E495A /* Build configuration list for PBXNativeTarget "AdvancedLearning_UITests" */;
			buildPhases = (
				8750A4C529E07E0F006E495A /* Sources */,
				8750A4C629E07E0F006E495A /* Frameworks */,
				8750A4C729E07E0F006E495A /* Resources */,
			);
			buildRules = (
			);
			dependencies = (
				8750A4D029E07E0F006E495A /* PBXTargetDependency */,
			);
			name = AdvancedLearning_UITests;
			productName = AdvancedLearning_UITests;
			productReference = 8750A4C929E07E0F006E495A /* AdvancedLearning_UITests.xctest */;
			productType = "com.apple.product-type.bundle.ui-testing";
		};
		87953D44288E2907002CF234 /* AdvancedLearning */ = {
			isa = PBXNativeTarget;
			buildConfigurationList = 87953D53288E2908002CF234 /* Build configuration list for PBXNativeTarget "AdvancedLearning" */;
			buildPhases = (
				87953D41288E2907002CF234 /* Sources */,
				87953D42288E2907002CF234 /* Frameworks */,
				87953D43288E2907002CF234 /* Resources */,
			);
			buildRules = (
			);
			dependencies = (
			);
			name = AdvancedLearning;
			productName = AdvancedLearning;
			productReference = 87953D45288E2907002CF234 /* AdvancedLearning.app */;
			productType = "com.apple.product-type.application";
		};
/* End PBXNativeTarget section */

/* Begin PBXProject section */
		87953D3D288E2907002CF234 /* Project object */ = {
			isa = PBXProject;
			attributes = {
				BuildIndependentTargetsInParallel = 1;
				LastSwiftUpdateCheck = 1410;
				LastUpgradeCheck = 1340;
				TargetAttributes = {
					8750A4B329D5D527006E495A = {
						CreatedOnToolsVersion = 14.1;
						TestTargetID = 87953D44288E2907002CF234;
					};
					8750A4C829E07E0F006E495A = {
						CreatedOnToolsVersion = 14.1;
						TestTargetID = 87953D44288E2907002CF234;
					};
					87953D44288E2907002CF234 = {
						CreatedOnToolsVersion = 13.4;
					};
				};
			};
			buildConfigurationList = 87953D40288E2907002CF234 /* Build configuration list for PBXProject "AdvancedLearning" */;
			compatibilityVersion = "Xcode 13.0";
			developmentRegion = en;
			hasScannedForEncodings = 0;
			knownRegions = (
				en,
				Base,
			);
			mainGroup = 87953D3C288E2907002CF234;
			productRefGroup = 87953D46288E2907002CF234 /* Products */;
			projectDirPath = "";
			projectRoot = "";
			targets = (
				87953D44288E2907002CF234 /* AdvancedLearning */,
				8750A4B329D5D527006E495A /* AdvancedLearning_Tests */,
				8750A4C829E07E0F006E495A /* AdvancedLearning_UITests */,
			);
		};
/* End PBXProject section */

/* Begin PBXResourcesBuildPhase section */
		8750A4B229D5D527006E495A /* Resources */ = {
			isa = PBXResourcesBuildPhase;
			buildActionMask = 2147483647;
			files = (
			);
			runOnlyForDeploymentPostprocessing = 0;
		};
		8750A4C729E07E0F006E495A /* Resources */ = {
			isa = PBXResourcesBuildPhase;
			buildActionMask = 2147483647;
			files = (
			);
			runOnlyForDeploymentPostprocessing = 0;
		};
		87953D43288E2907002CF234 /* Resources */ = {
			isa = PBXResourcesBuildPhase;
			buildActionMask = 2147483647;
			files = (
				87953D50288E2908002CF234 /* Preview Assets.xcassets in Resources */,
				87953D4D288E2908002CF234 /* Assets.xcassets in Resources */,
			);
			runOnlyForDeploymentPostprocessing = 0;
		};
/* End PBXResourcesBuildPhase section */

/* Begin PBXSourcesBuildPhase section */
		8750A4B029D5D527006E495A /* Sources */ = {
			isa = PBXSourcesBuildPhase;
			buildActionMask = 2147483647;
			files = (
				8750A4BE29D5DA25006E495A /* UnitTestingBootcampViewModel_Tests.swift in Sources */,
				8750A4B729D5D527006E495A /* AdvancedLearning_Tests.swift in Sources */,
				8750A4C229DB341D006E495A /* NewMockDataService_Tests.swift in Sources */,
			);
			runOnlyForDeploymentPostprocessing = 0;
		};
		8750A4C529E07E0F006E495A /* Sources */ = {
			isa = PBXSourcesBuildPhase;
			buildActionMask = 2147483647;
			files = (
				8750A4CE29E07E0F006E495A /* AdvancedLearning_UITestsLaunchTests.swift in Sources */,
				8750A4D529E07FAE006E495A /* UITestingBootcampView_UITests.swift in Sources */,
				8750A4CC29E07E0F006E495A /* AdvancedLearning_UITests.swift in Sources */,
			);
			runOnlyForDeploymentPostprocessing = 0;
		};
		87953D41288E2907002CF234 /* Sources */ = {
			isa = PBXSourcesBuildPhase;
			buildActionMask = 2147483647;
			files = (
				8750A4C029DB33F5006E495A /* NewMockDataService.swift in Sources */,
				872433CC288F978400703173 /* ButtonStyleBootcamp.swift in Sources */,
				87953D57288E2B17002CF234 /* ViewModifierBootcamp.swift in Sources */,
				8750A4AF29D5D48C006E495A /* UnitTestingBootcampVM.swift in Sources */,
				874D3811299D27A4001E8836 /* AnimateableDataBootcamp.swift in Sources */,
				8750A4C429E0749D006E495A /* UITestingBootcampView.swift in Sources */,
				8716BA8C28938A6C009F23A5 /* AnyTransitionBootcamp.swift in Sources */,
				87953D49288E2907002CF234 /* AdvancedLearningApp.swift in Sources */,
				8765A8EE29A18747001F3511 /* GenericsBootcamp.swift in Sources */,
				874D380F299D21AF001E8836 /* CustomCurveBootcamp.swift in Sources */,
				87539A1E29A6745E00AFEC7D /* GeometryPreferenceKeyBootcamp.swift in Sources */,
				8765A8F029A1B920001F3511 /* ViewbuilderBootcamp.swift in Sources */,
				87539A4629B5447900AFEC7D /* UIViewControllerRepresentableBootcamp.swift in Sources */,
				87A5FCF728989B9A00E24335 /* MatchedGeometryEffectBootcamp.swift in Sources */,
				87539A1B29A66BD500AFEC7D /* PreferenceKeyBootcamp.swift in Sources */,
				87539A4829B5575E00AFEC7D /* ProtocolsBootcamp.swift in Sources */,
				87539A2029A7B43000AFEC7D /* ScrollViewOffsetPreferenceKeyBootcamp.swift in Sources */,
				8750A4AD29D5D39B006E495A /* UnitTestingBootcampView.swift in Sources */,
				87539A2229AD703000AFEC7D /* UIViewRepresentableBootcamp.swift in Sources */,
				87A5FCF9289A01A200E24335 /* CustomShapeBootcamp.swift in Sources */,
				87539A4A29B78B3900AFEC7D /* DependencyInjectionBootcamp.swift in Sources */,
			);
			runOnlyForDeploymentPostprocessing = 0;
		};
/* End PBXSourcesBuildPhase section */

/* Begin PBXTargetDependency section */
		8750A4B929D5D527006E495A /* PBXTargetDependency */ = {
			isa = PBXTargetDependency;
			target = 87953D44288E2907002CF234 /* AdvancedLearning */;
			targetProxy = 8750A4B829D5D527006E495A /* PBXContainerItemProxy */;
		};
		8750A4D029E07E0F006E495A /* PBXTargetDependency */ = {
			isa = PBXTargetDependency;
			target = 87953D44288E2907002CF234 /* AdvancedLearning */;
			targetProxy = 8750A4CF29E07E0F006E495A /* PBXContainerItemProxy */;
		};
/* End PBXTargetDependency section */

/* Begin XCBuildConfiguration section */
		8750A4BB29D5D527006E495A /* Debug */ = {
			isa = XCBuildConfiguration;
			buildSettings = {
				BUNDLE_LOADER = "$(TEST_HOST)";
				CLANG_CXX_LANGUAGE_STANDARD = "gnu++20";
				CODE_SIGN_STYLE = Automatic;
				CURRENT_PROJECT_VERSION = 1;
				DEVELOPMENT_TEAM = 2EDDZGZ55S;
				GENERATE_INFOPLIST_FILE = YES;
				IPHONEOS_DEPLOYMENT_TARGET = 16.1;
				MARKETING_VERSION = 1.0;
				PRODUCT_BUNDLE_IDENTIFIER = "jandaur.anmol.AdvancedLearning-Tests";
				PRODUCT_NAME = "$(TARGET_NAME)";
				SWIFT_EMIT_LOC_STRINGS = NO;
				SWIFT_VERSION = 5.0;
				TARGETED_DEVICE_FAMILY = "1,2";
				TEST_HOST = "$(BUILT_PRODUCTS_DIR)/AdvancedLearning.app/$(BUNDLE_EXECUTABLE_FOLDER_PATH)/AdvancedLearning";
			};
			name = Debug;
		};
		8750A4BC29D5D527006E495A /* Release */ = {
			isa = XCBuildConfiguration;
			buildSettings = {
				BUNDLE_LOADER = "$(TEST_HOST)";
				CLANG_CXX_LANGUAGE_STANDARD = "gnu++20";
				CODE_SIGN_STYLE = Automatic;
				CURRENT_PROJECT_VERSION = 1;
				DEVELOPMENT_TEAM = 2EDDZGZ55S;
				GENERATE_INFOPLIST_FILE = YES;
				IPHONEOS_DEPLOYMENT_TARGET = 16.1;
				MARKETING_VERSION = 1.0;
				PRODUCT_BUNDLE_IDENTIFIER = "jandaur.anmol.AdvancedLearning-Tests";
				PRODUCT_NAME = "$(TARGET_NAME)";
				SWIFT_EMIT_LOC_STRINGS = NO;
				SWIFT_VERSION = 5.0;
				TARGETED_DEVICE_FAMILY = "1,2";
				TEST_HOST = "$(BUILT_PRODUCTS_DIR)/AdvancedLearning.app/$(BUNDLE_EXECUTABLE_FOLDER_PATH)/AdvancedLearning";
			};
			name = Release;
		};
		8750A4D229E07E0F006E495A /* Debug */ = {
			isa = XCBuildConfiguration;
			buildSettings = {
				CLANG_CXX_LANGUAGE_STANDARD = "gnu++20";
				CODE_SIGN_STYLE = Automatic;
				CURRENT_PROJECT_VERSION = 1;
				DEVELOPMENT_TEAM = 2EDDZGZ55S;
				GENERATE_INFOPLIST_FILE = YES;
				IPHONEOS_DEPLOYMENT_TARGET = 16.1;
				MACOSX_DEPLOYMENT_TARGET = 13.0;
				MARKETING_VERSION = 1.0;
				PRODUCT_BUNDLE_IDENTIFIER = "jandaur.anmol.AdvancedLearning-UITests";
				PRODUCT_NAME = "$(TARGET_NAME)";
				SDKROOT = auto;
				SUPPORTED_PLATFORMS = "iphoneos iphonesimulator macosx";
				SWIFT_EMIT_LOC_STRINGS = NO;
				SWIFT_VERSION = 5.0;
				TARGETED_DEVICE_FAMILY = "1,2";
				TEST_TARGET_NAME = AdvancedLearning;
			};
			name = Debug;
		};
		8750A4D329E07E0F006E495A /* Release */ = {
			isa = XCBuildConfiguration;
			buildSettings = {
				CLANG_CXX_LANGUAGE_STANDARD = "gnu++20";
				CODE_SIGN_STYLE = Automatic;
				CURRENT_PROJECT_VERSION = 1;
				DEVELOPMENT_TEAM = 2EDDZGZ55S;
				GENERATE_INFOPLIST_FILE = YES;
				IPHONEOS_DEPLOYMENT_TARGET = 16.1;
				MACOSX_DEPLOYMENT_TARGET = 13.0;
				MARKETING_VERSION = 1.0;
				PRODUCT_BUNDLE_IDENTIFIER = "jandaur.anmol.AdvancedLearning-UITests";
				PRODUCT_NAME = "$(TARGET_NAME)";
				SDKROOT = auto;
				SUPPORTED_PLATFORMS = "iphoneos iphonesimulator macosx";
				SWIFT_EMIT_LOC_STRINGS = NO;
				SWIFT_VERSION = 5.0;
				TARGETED_DEVICE_FAMILY = "1,2";
				TEST_TARGET_NAME = AdvancedLearning;
			};
			name = Release;
		};
		87953D51288E2908002CF234 /* Debug */ = {
			isa = XCBuildConfiguration;
			buildSettings = {
				ALWAYS_SEARCH_USER_PATHS = NO;
				CLANG_ANALYZER_NONNULL = YES;
				CLANG_ANALYZER_NUMBER_OBJECT_CONVERSION = YES_AGGRESSIVE;
				CLANG_CXX_LANGUAGE_STANDARD = "gnu++17";
				CLANG_ENABLE_MODULES = YES;
				CLANG_ENABLE_OBJC_ARC = YES;
				CLANG_ENABLE_OBJC_WEAK = YES;
				CLANG_WARN_BLOCK_CAPTURE_AUTORELEASING = YES;
				CLANG_WARN_BOOL_CONVERSION = YES;
				CLANG_WARN_COMMA = YES;
				CLANG_WARN_CONSTANT_CONVERSION = YES;
				CLANG_WARN_DEPRECATED_OBJC_IMPLEMENTATIONS = YES;
				CLANG_WARN_DIRECT_OBJC_ISA_USAGE = YES_ERROR;
				CLANG_WARN_DOCUMENTATION_COMMENTS = YES;
				CLANG_WARN_EMPTY_BODY = YES;
				CLANG_WARN_ENUM_CONVERSION = YES;
				CLANG_WARN_INFINITE_RECURSION = YES;
				CLANG_WARN_INT_CONVERSION = YES;
				CLANG_WARN_NON_LITERAL_NULL_CONVERSION = YES;
				CLANG_WARN_OBJC_IMPLICIT_RETAIN_SELF = YES;
				CLANG_WARN_OBJC_LITERAL_CONVERSION = YES;
				CLANG_WARN_OBJC_ROOT_CLASS = YES_ERROR;
				CLANG_WARN_QUOTED_INCLUDE_IN_FRAMEWORK_HEADER = YES;
				CLANG_WARN_RANGE_LOOP_ANALYSIS = YES;
				CLANG_WARN_STRICT_PROTOTYPES = YES;
				CLANG_WARN_SUSPICIOUS_MOVE = YES;
				CLANG_WARN_UNGUARDED_AVAILABILITY = YES_AGGRESSIVE;
				CLANG_WARN_UNREACHABLE_CODE = YES;
				CLANG_WARN__DUPLICATE_METHOD_MATCH = YES;
				COPY_PHASE_STRIP = NO;
				DEBUG_INFORMATION_FORMAT = dwarf;
				ENABLE_STRICT_OBJC_MSGSEND = YES;
				ENABLE_TESTABILITY = YES;
				GCC_C_LANGUAGE_STANDARD = gnu11;
				GCC_DYNAMIC_NO_PIC = NO;
				GCC_NO_COMMON_BLOCKS = YES;
				GCC_OPTIMIZATION_LEVEL = 0;
				GCC_PREPROCESSOR_DEFINITIONS = (
					"DEBUG=1",
					"$(inherited)",
				);
				GCC_WARN_64_TO_32_BIT_CONVERSION = YES;
				GCC_WARN_ABOUT_RETURN_TYPE = YES_ERROR;
				GCC_WARN_UNDECLARED_SELECTOR = YES;
				GCC_WARN_UNINITIALIZED_AUTOS = YES_AGGRESSIVE;
				GCC_WARN_UNUSED_FUNCTION = YES;
				GCC_WARN_UNUSED_VARIABLE = YES;
				IPHONEOS_DEPLOYMENT_TARGET = 15.5;
				MTL_ENABLE_DEBUG_INFO = INCLUDE_SOURCE;
				MTL_FAST_MATH = YES;
				ONLY_ACTIVE_ARCH = YES;
				SDKROOT = iphoneos;
				SWIFT_ACTIVE_COMPILATION_CONDITIONS = DEBUG;
				SWIFT_OPTIMIZATION_LEVEL = "-Onone";
			};
			name = Debug;
		};
		87953D52288E2908002CF234 /* Release */ = {
			isa = XCBuildConfiguration;
			buildSettings = {
				ALWAYS_SEARCH_USER_PATHS = NO;
				CLANG_ANALYZER_NONNULL = YES;
				CLANG_ANALYZER_NUMBER_OBJECT_CONVERSION = YES_AGGRESSIVE;
				CLANG_CXX_LANGUAGE_STANDARD = "gnu++17";
				CLANG_ENABLE_MODULES = YES;
				CLANG_ENABLE_OBJC_ARC = YES;
				CLANG_ENABLE_OBJC_WEAK = YES;
				CLANG_WARN_BLOCK_CAPTURE_AUTORELEASING = YES;
				CLANG_WARN_BOOL_CONVERSION = YES;
				CLANG_WARN_COMMA = YES;
				CLANG_WARN_CONSTANT_CONVERSION = YES;
				CLANG_WARN_DEPRECATED_OBJC_IMPLEMENTATIONS = YES;
				CLANG_WARN_DIRECT_OBJC_ISA_USAGE = YES_ERROR;
				CLANG_WARN_DOCUMENTATION_COMMENTS = YES;
				CLANG_WARN_EMPTY_BODY = YES;
				CLANG_WARN_ENUM_CONVERSION = YES;
				CLANG_WARN_INFINITE_RECURSION = YES;
				CLANG_WARN_INT_CONVERSION = YES;
				CLANG_WARN_NON_LITERAL_NULL_CONVERSION = YES;
				CLANG_WARN_OBJC_IMPLICIT_RETAIN_SELF = YES;
				CLANG_WARN_OBJC_LITERAL_CONVERSION = YES;
				CLANG_WARN_OBJC_ROOT_CLASS = YES_ERROR;
				CLANG_WARN_QUOTED_INCLUDE_IN_FRAMEWORK_HEADER = YES;
				CLANG_WARN_RANGE_LOOP_ANALYSIS = YES;
				CLANG_WARN_STRICT_PROTOTYPES = YES;
				CLANG_WARN_SUSPICIOUS_MOVE = YES;
				CLANG_WARN_UNGUARDED_AVAILABILITY = YES_AGGRESSIVE;
				CLANG_WARN_UNREACHABLE_CODE = YES;
				CLANG_WARN__DUPLICATE_METHOD_MATCH = YES;
				COPY_PHASE_STRIP = NO;
				DEBUG_INFORMATION_FORMAT = "dwarf-with-dsym";
				ENABLE_NS_ASSERTIONS = NO;
				ENABLE_STRICT_OBJC_MSGSEND = YES;
				GCC_C_LANGUAGE_STANDARD = gnu11;
				GCC_NO_COMMON_BLOCKS = YES;
				GCC_WARN_64_TO_32_BIT_CONVERSION = YES;
				GCC_WARN_ABOUT_RETURN_TYPE = YES_ERROR;
				GCC_WARN_UNDECLARED_SELECTOR = YES;
				GCC_WARN_UNINITIALIZED_AUTOS = YES_AGGRESSIVE;
				GCC_WARN_UNUSED_FUNCTION = YES;
				GCC_WARN_UNUSED_VARIABLE = YES;
				IPHONEOS_DEPLOYMENT_TARGET = 15.5;
				MTL_ENABLE_DEBUG_INFO = NO;
				MTL_FAST_MATH = YES;
				SDKROOT = iphoneos;
				SWIFT_COMPILATION_MODE = wholemodule;
				SWIFT_OPTIMIZATION_LEVEL = "-O";
				VALIDATE_PRODUCT = YES;
			};
			name = Release;
		};
		87953D54288E2908002CF234 /* Debug */ = {
			isa = XCBuildConfiguration;
			buildSettings = {
				ASSETCATALOG_COMPILER_APPICON_NAME = AppIcon;
				ASSETCATALOG_COMPILER_GLOBAL_ACCENT_COLOR_NAME = AccentColor;
				CODE_SIGN_STYLE = Automatic;
				CURRENT_PROJECT_VERSION = 1;
				DEVELOPMENT_ASSET_PATHS = "\"AdvancedLearning/Preview Content\"";
				DEVELOPMENT_TEAM = 2EDDZGZ55S;
				ENABLE_PREVIEWS = YES;
				GENERATE_INFOPLIST_FILE = YES;
				INFOPLIST_KEY_UIApplicationSceneManifest_Generation = YES;
				INFOPLIST_KEY_UIApplicationSupportsIndirectInputEvents = YES;
				INFOPLIST_KEY_UILaunchScreen_Generation = YES;
				INFOPLIST_KEY_UISupportedInterfaceOrientations_iPad = "UIInterfaceOrientationPortrait UIInterfaceOrientationPortraitUpsideDown UIInterfaceOrientationLandscapeLeft UIInterfaceOrientationLandscapeRight";
				INFOPLIST_KEY_UISupportedInterfaceOrientations_iPhone = "UIInterfaceOrientationPortrait UIInterfaceOrientationLandscapeLeft UIInterfaceOrientationLandscapeRight";
				IPHONEOS_DEPLOYMENT_TARGET = 16.0;
				LD_RUNPATH_SEARCH_PATHS = (
					"$(inherited)",
					"@executable_path/Frameworks",
				);
				MARKETING_VERSION = 1.0;
				PRODUCT_BUNDLE_IDENTIFIER = jandaur.anmol.AdvancedLearning;
				PRODUCT_NAME = "$(TARGET_NAME)";
				SWIFT_EMIT_LOC_STRINGS = YES;
				SWIFT_VERSION = 5.0;
				TARGETED_DEVICE_FAMILY = "1,2";
			};
			name = Debug;
		};
		87953D55288E2908002CF234 /* Release */ = {
			isa = XCBuildConfiguration;
			buildSettings = {
				ASSETCATALOG_COMPILER_APPICON_NAME = AppIcon;
				ASSETCATALOG_COMPILER_GLOBAL_ACCENT_COLOR_NAME = AccentColor;
				CODE_SIGN_STYLE = Automatic;
				CURRENT_PROJECT_VERSION = 1;
				DEVELOPMENT_ASSET_PATHS = "\"AdvancedLearning/Preview Content\"";
				DEVELOPMENT_TEAM = 2EDDZGZ55S;
				ENABLE_PREVIEWS = YES;
				GENERATE_INFOPLIST_FILE = YES;
				INFOPLIST_KEY_UIApplicationSceneManifest_Generation = YES;
				INFOPLIST_KEY_UIApplicationSupportsIndirectInputEvents = YES;
				INFOPLIST_KEY_UILaunchScreen_Generation = YES;
				INFOPLIST_KEY_UISupportedInterfaceOrientations_iPad = "UIInterfaceOrientationPortrait UIInterfaceOrientationPortraitUpsideDown UIInterfaceOrientationLandscapeLeft UIInterfaceOrientationLandscapeRight";
				INFOPLIST_KEY_UISupportedInterfaceOrientations_iPhone = "UIInterfaceOrientationPortrait UIInterfaceOrientationLandscapeLeft UIInterfaceOrientationLandscapeRight";
				IPHONEOS_DEPLOYMENT_TARGET = 16.0;
				LD_RUNPATH_SEARCH_PATHS = (
					"$(inherited)",
					"@executable_path/Frameworks",
				);
				MARKETING_VERSION = 1.0;
				PRODUCT_BUNDLE_IDENTIFIER = jandaur.anmol.AdvancedLearning;
				PRODUCT_NAME = "$(TARGET_NAME)";
				SWIFT_EMIT_LOC_STRINGS = YES;
				SWIFT_VERSION = 5.0;
				TARGETED_DEVICE_FAMILY = "1,2";
			};
			name = Release;
		};
/* End XCBuildConfiguration section */

/* Begin XCConfigurationList section */
		8750A4BA29D5D527006E495A /* Build configuration list for PBXNativeTarget "AdvancedLearning_Tests" */ = {
			isa = XCConfigurationList;
			buildConfigurations = (
				8750A4BB29D5D527006E495A /* Debug */,
				8750A4BC29D5D527006E495A /* Release */,
			);
			defaultConfigurationIsVisible = 0;
			defaultConfigurationName = Release;
		};
		8750A4D129E07E0F006E495A /* Build configuration list for PBXNativeTarget "AdvancedLearning_UITests" */ = {
			isa = XCConfigurationList;
			buildConfigurations = (
				8750A4D229E07E0F006E495A /* Debug */,
				8750A4D329E07E0F006E495A /* Release */,
			);
			defaultConfigurationIsVisible = 0;
			defaultConfigurationName = Release;
		};
		87953D40288E2907002CF234 /* Build configuration list for PBXProject "AdvancedLearning" */ = {
			isa = XCConfigurationList;
			buildConfigurations = (
				87953D51288E2908002CF234 /* Debug */,
				87953D52288E2908002CF234 /* Release */,
			);
			defaultConfigurationIsVisible = 0;
			defaultConfigurationName = Release;
		};
		87953D53288E2908002CF234 /* Build configuration list for PBXNativeTarget "AdvancedLearning" */ = {
			isa = XCConfigurationList;
			buildConfigurations = (
				87953D54288E2908002CF234 /* Debug */,
				87953D55288E2908002CF234 /* Release */,
			);
			defaultConfigurationIsVisible = 0;
			defaultConfigurationName = Release;
		};
/* End XCConfigurationList section */
	};
	rootObject = 87953D3D288E2907002CF234 /* Project object */;
}
