// !$*UTF8*$!
{
	archiveVersion = 1;
	classes = {
	};
	objectVersion = 55;
	objects = {

/* Begin PBXBuildFile section */
		87637AA227D882EF00B0F689 /* Map_AppApp.swift in Sources */ = {isa = PBXBuildFile; fileRef = 87637AA127D882EF00B0F689 /* Map_AppApp.swift */; };
		87637AA427D882EF00B0F689 /* ContentView.swift in Sources */ = {isa = PBXBuildFile; fileRef = 87637AA327D882EF00B0F689 /* ContentView.swift */; };
		87637AA927D882EF00B0F689 /* Preview Assets.xcassets in Resources */ = {isa = PBXBuildFile; fileRef = 87637AA827D882EF00B0F689 /* Preview Assets.xcassets */; };
		87637AB027D8842B00B0F689 /* Assets.xcassets in Resources */ = {isa = PBXBuildFile; fileRef = 87637AAF27D8842B00B0F689 /* Assets.xcassets */; };
		87637AB527D884E000B0F689 /* Location.swift in Sources */ = {isa = PBXBuildFile; fileRef = 87637AB427D884E000B0F689 /* Location.swift */; };
		87637AB827D8857500B0F689 /* LocationsDataService.swift in Sources */ = {isa = PBXBuildFile; fileRef = 87637AB727D8857500B0F689 /* LocationsDataService.swift */; };
		87637ABA27D888E900B0F689 /* LocationsView.swift in Sources */ = {isa = PBXBuildFile; fileRef = 87637AB927D888E900B0F689 /* LocationsView.swift */; };
		87637ABC27D88A7C00B0F689 /* LocationsViewModel.swift in Sources */ = {isa = PBXBuildFile; fileRef = 87637ABB27D88A7C00B0F689 /* LocationsViewModel.swift */; };
		87637ABE27D8921A00B0F689 /* LocationsListView.swift in Sources */ = {isa = PBXBuildFile; fileRef = 87637ABD27D8921A00B0F689 /* LocationsListView.swift */; };
		87CD439527F2214200354388 /* LocationPreviewView.swift in Sources */ = {isa = PBXBuildFile; fileRef = 87CD439427F2214200354388 /* LocationPreviewView.swift */; };
		87CD439727F23AAE00354388 /* LocationMapAnnotationView.swift in Sources */ = {isa = PBXBuildFile; fileRef = 87CD439627F23AAE00354388 /* LocationMapAnnotationView.swift */; };
		87CD439927F23E2A00354388 /* LocationDetailView.swift in Sources */ = {isa = PBXBuildFile; fileRef = 87CD439827F23E2A00354388 /* LocationDetailView.swift */; };
/* End PBXBuildFile section */

/* Begin PBXFileReference section */
		87637A9E27D882EF00B0F689 /* Map_App.app */ = {isa = PBXFileReference; explicitFileType = wrapper.application; includeInIndex = 0; path = Map_App.app; sourceTree = BUILT_PRODUCTS_DIR; };
		87637AA127D882EF00B0F689 /* Map_AppApp.swift */ = {isa = PBXFileReference; lastKnownFileType = sourcecode.swift; path = Map_AppApp.swift; sourceTree = "<group>"; };
		87637AA327D882EF00B0F689 /* ContentView.swift */ = {isa = PBXFileReference; lastKnownFileType = sourcecode.swift; path = ContentView.swift; sourceTree = "<group>"; };
		87637AA827D882EF00B0F689 /* Preview Assets.xcassets */ = {isa = PBXFileReference; lastKnownFileType = folder.assetcatalog; path = "Preview Assets.xcassets"; sourceTree = "<group>"; };
		87637AAF27D8842B00B0F689 /* Assets.xcassets */ = {isa = PBXFileReference; lastKnownFileType = folder.assetcatalog; path = Assets.xcassets; sourceTree = "<group>"; };
		87637AB427D884E000B0F689 /* Location.swift */ = {isa = PBXFileReference; lastKnownFileType = sourcecode.swift; path = Location.swift; sourceTree = "<group>"; };
		87637AB727D8857500B0F689 /* LocationsDataService.swift */ = {isa = PBXFileReference; fileEncoding = 4; lastKnownFileType = sourcecode.swift; path = LocationsDataService.swift; sourceTree = "<group>"; };
		87637AB927D888E900B0F689 /* LocationsView.swift */ = {isa = PBXFileReference; lastKnownFileType = sourcecode.swift; path = LocationsView.swift; sourceTree = "<group>"; };
		87637ABB27D88A7C00B0F689 /* LocationsViewModel.swift */ = {isa = PBXFileReference; lastKnownFileType = sourcecode.swift; path = LocationsViewModel.swift; sourceTree = "<group>"; };
		87637ABD27D8921A00B0F689 /* LocationsListView.swift */ = {isa = PBXFileReference; lastKnownFileType = sourcecode.swift; path = LocationsListView.swift; sourceTree = "<group>"; };
		87CD439427F2214200354388 /* LocationPreviewView.swift */ = {isa = PBXFileReference; lastKnownFileType = sourcecode.swift; path = LocationPreviewView.swift; sourceTree = "<group>"; };
		87CD439627F23AAE00354388 /* LocationMapAnnotationView.swift */ = {isa = PBXFileReference; lastKnownFileType = sourcecode.swift; path = LocationMapAnnotationView.swift; sourceTree = "<group>"; };
		87CD439827F23E2A00354388 /* LocationDetailView.swift */ = {isa = PBXFileReference; lastKnownFileType = sourcecode.swift; path = LocationDetailView.swift; sourceTree = "<group>"; };
		87CD439F27F378B100354388 /* Map-App-Info.plist */ = {isa = PBXFileReference; lastKnownFileType = text.plist; path = "Map-App-Info.plist"; sourceTree = SOURCE_ROOT; };
/* End PBXFileReference section */

/* Begin PBXFrameworksBuildPhase section */
		87637A9B27D882EF00B0F689 /* Frameworks */ = {
			isa = PBXFrameworksBuildPhase;
			buildActionMask = 2147483647;
			files = (
			);
			runOnlyForDeploymentPostprocessing = 0;
		};
/* End PBXFrameworksBuildPhase section */

/* Begin PBXGroup section */
		87637A9527D882EF00B0F689 = {
			isa = PBXGroup;
			children = (
				87637AA027D882EF00B0F689 /* Map_App */,
				87637A9F27D882EF00B0F689 /* Products */,
			);
			sourceTree = "<group>";
		};
		87637A9F27D882EF00B0F689 /* Products */ = {
			isa = PBXGroup;
			children = (
				87637A9E27D882EF00B0F689 /* Map_App.app */,
			);
			name = Products;
			sourceTree = "<group>";
		};
		87637AA027D882EF00B0F689 /* Map_App */ = {
			isa = PBXGroup;
			children = (
				87CD439F27F378B100354388 /* Map-App-Info.plist */,
				87637AB627D8855C00B0F689 /* DataManager */,
				87637AB327D884C900B0F689 /* ViewModels */,
				87637AB227D884C500B0F689 /* Views */,
				87637AB127D884BF00B0F689 /* Models */,
				87637AA127D882EF00B0F689 /* Map_AppApp.swift */,
				87637AAF27D8842B00B0F689 /* Assets.xcassets */,
				87637AA727D882EF00B0F689 /* Preview Content */,
			);
			path = Map_App;
			sourceTree = "<group>";
		};
		87637AA727D882EF00B0F689 /* Preview Content */ = {
			isa = PBXGroup;
			children = (
				87637AA827D882EF00B0F689 /* Preview Assets.xcassets */,
			);
			path = "Preview Content";
			sourceTree = "<group>";
		};
		87637AB127D884BF00B0F689 /* Models */ = {
			isa = PBXGroup;
			children = (
				87637AB427D884E000B0F689 /* Location.swift */,
			);
			path = Models;
			sourceTree = "<group>";
		};
		87637AB227D884C500B0F689 /* Views */ = {
			isa = PBXGroup;
			children = (
				87637AA327D882EF00B0F689 /* ContentView.swift */,
				87637AB927D888E900B0F689 /* LocationsView.swift */,
				87637ABD27D8921A00B0F689 /* LocationsListView.swift */,
				87CD439427F2214200354388 /* LocationPreviewView.swift */,
				87CD439627F23AAE00354388 /* LocationMapAnnotationView.swift */,
				87CD439827F23E2A00354388 /* LocationDetailView.swift */,
			);
			path = Views;
			sourceTree = "<group>";
		};
		87637AB327D884C900B0F689 /* ViewModels */ = {
			isa = PBXGroup;
			children = (
				87637ABB27D88A7C00B0F689 /* LocationsViewModel.swift */,
			);
			path = ViewModels;
			sourceTree = "<group>";
		};
		87637AB627D8855C00B0F689 /* DataManager */ = {
			isa = PBXGroup;
			children = (
				87637AB727D8857500B0F689 /* LocationsDataService.swift */,
			);
			path = DataManager;
			sourceTree = "<group>";
		};
/* End PBXGroup section */

/* Begin PBXNativeTarget section */
		87637A9D27D882EF00B0F689 /* Map_App */ = {
			isa = PBXNativeTarget;
			buildConfigurationList = 87637AAC27D882EF00B0F689 /* Build configuration list for PBXNativeTarget "Map_App" */;
			buildPhases = (
				87637A9A27D882EF00B0F689 /* Sources */,
				87637A9B27D882EF00B0F689 /* Frameworks */,
				87637A9C27D882EF00B0F689 /* Resources */,
			);
			buildRules = (
			);
			dependencies = (
			);
			name = Map_App;
			productName = Map_App;
			productReference = 87637A9E27D882EF00B0F689 /* Map_App.app */;
			productType = "com.apple.product-type.application";
		};
/* End PBXNativeTarget section */

/* Begin PBXProject section */
		87637A9627D882EF00B0F689 /* Project object */ = {
			isa = PBXProject;
			attributes = {
				BuildIndependentTargetsInParallel = 1;
				LastSwiftUpdateCheck = 1320;
				LastUpgradeCheck = 1320;
				TargetAttributes = {
					87637A9D27D882EF00B0F689 = {
						CreatedOnToolsVersion = 13.2.1;
					};
				};
			};
			buildConfigurationList = 87637A9927D882EF00B0F689 /* Build configuration list for PBXProject "Map_App" */;
			compatibilityVersion = "Xcode 13.0";
			developmentRegion = en;
			hasScannedForEncodings = 0;
			knownRegions = (
				en,
				Base,
			);
			mainGroup = 87637A9527D882EF00B0F689;
			productRefGroup = 87637A9F27D882EF00B0F689 /* Products */;
			projectDirPath = "";
			projectRoot = "";
			targets = (
				87637A9D27D882EF00B0F689 /* Map_App */,
			);
		};
/* End PBXProject section */

/* Begin PBXResourcesBuildPhase section */
		87637A9C27D882EF00B0F689 /* Resources */ = {
			isa = PBXResourcesBuildPhase;
			buildActionMask = 2147483647;
			files = (
				87637AB027D8842B00B0F689 /* Assets.xcassets in Resources */,
				87637AA927D882EF00B0F689 /* Preview Assets.xcassets in Resources */,
			);
			runOnlyForDeploymentPostprocessing = 0;
		};
/* End PBXResourcesBuildPhase section */

/* Begin PBXSourcesBuildPhase section */
		87637A9A27D882EF00B0F689 /* Sources */ = {
			isa = PBXSourcesBuildPhase;
			buildActionMask = 2147483647;
			files = (
				87637AB827D8857500B0F689 /* LocationsDataService.swift in Sources */,
				87CD439727F23AAE00354388 /* LocationMapAnnotationView.swift in Sources */,
				87637ABE27D8921A00B0F689 /* LocationsListView.swift in Sources */,
				87CD439527F2214200354388 /* LocationPreviewView.swift in Sources */,
				87637ABC27D88A7C00B0F689 /* LocationsViewModel.swift in Sources */,
				87637AA427D882EF00B0F689 /* ContentView.swift in Sources */,
				87637ABA27D888E900B0F689 /* LocationsView.swift in Sources */,
				87637AB527D884E000B0F689 /* Location.swift in Sources */,
				87CD439927F23E2A00354388 /* LocationDetailView.swift in Sources */,
				87637AA227D882EF00B0F689 /* Map_AppApp.swift in Sources */,
			);
			runOnlyForDeploymentPostprocessing = 0;
		};
/* End PBXSourcesBuildPhase section */

/* Begin XCBuildConfiguration section */
		87637AAA27D882EF00B0F689 /* Debug */ = {
			isa = XCBuildConfiguration;
			buildSettings = {
				ALWAYS_SEARCH_USER_PATHS = NO;
				CLANG_ANALYZER_NONNULL = YES;
				CLANG_ANALYZER_NUMBER_OBJECT_CONVERSION = YES_AGGRESSIVE;
				CLANG_CXX_LANGUAGE_STANDARD = "gnu++17";
				CLANG_CXX_LIBRARY = "libc++";
				CLANG_ENABLE_MODULES = YES;
				CLANG_ENABLE_OBJC_ARC = YES;
				CLANG_ENABLE_OBJC_WEAK = YES;
				CLANG_WARN_BLOCK_CAPTURE_AUTORELEASING = YES;
				CLANG_WARN_BOOL_CONVERSION = YES;
				CLANG_WARN_COMMA = YES;
				CLANG_WARN_CONSTANT_CONVERSION = YES;
				CLANG_WARN_DEPRECATED_OBJC_IMPLEMENTATIONS = YES;
				CLANG_WARN_DIRECT_OBJC_ISA_USAGE = YES_ERROR;
				CLANG_WARN_DOCUMENTATION_COMMENTS = YES;
				CLANG_WARN_EMPTY_BODY = YES;
				CLANG_WARN_ENUM_CONVERSION = YES;
				CLANG_WARN_INFINITE_RECURSION = YES;
				CLANG_WARN_INT_CONVERSION = YES;
				CLANG_WARN_NON_LITERAL_NULL_CONVERSION = YES;
				CLANG_WARN_OBJC_IMPLICIT_RETAIN_SELF = YES;
				CLANG_WARN_OBJC_LITERAL_CONVERSION = YES;
				CLANG_WARN_OBJC_ROOT_CLASS = YES_ERROR;
				CLANG_WARN_QUOTED_INCLUDE_IN_FRAMEWORK_HEADER = YES;
				CLANG_WARN_RANGE_LOOP_ANALYSIS = YES;
				CLANG_WARN_STRICT_PROTOTYPES = YES;
				CLANG_WARN_SUSPICIOUS_MOVE = YES;
				CLANG_WARN_UNGUARDED_AVAILABILITY = YES_AGGRESSIVE;
				CLANG_WARN_UNREACHABLE_CODE = YES;
				CLANG_WARN__DUPLICATE_METHOD_MATCH = YES;
				COPY_PHASE_STRIP = NO;
				DEBUG_INFORMATION_FORMAT = dwarf;
				ENABLE_STRICT_OBJC_MSGSEND = YES;
				ENABLE_TESTABILITY = YES;
				GCC_C_LANGUAGE_STANDARD = gnu11;
				GCC_DYNAMIC_NO_PIC = NO;
				GCC_NO_COMMON_BLOCKS = YES;
				GCC_OPTIMIZATION_LEVEL = 0;
				GCC_PREPROCESSOR_DEFINITIONS = (
					"DEBUG=1",
					"$(inherited)",
				);
				GCC_WARN_64_TO_32_BIT_CONVERSION = YES;
				GCC_WARN_ABOUT_RETURN_TYPE = YES_ERROR;
				GCC_WARN_UNDECLARED_SELECTOR = YES;
				GCC_WARN_UNINITIALIZED_AUTOS = YES_AGGRESSIVE;
				GCC_WARN_UNUSED_FUNCTION = YES;
				GCC_WARN_UNUSED_VARIABLE = YES;
				IPHONEOS_DEPLOYMENT_TARGET = 15.2;
				MTL_ENABLE_DEBUG_INFO = INCLUDE_SOURCE;
				MTL_FAST_MATH = YES;
				ONLY_ACTIVE_ARCH = YES;
				SDKROOT = iphoneos;
				SWIFT_ACTIVE_COMPILATION_CONDITIONS = DEBUG;
				SWIFT_OPTIMIZATION_LEVEL = "-Onone";
			};
			name = Debug;
		};
		87637AAB27D882EF00B0F689 /* Release */ = {
			isa = XCBuildConfiguration;
			buildSettings = {
				ALWAYS_SEARCH_USER_PATHS = NO;
				CLANG_ANALYZER_NONNULL = YES;
				CLANG_ANALYZER_NUMBER_OBJECT_CONVERSION = YES_AGGRESSIVE;
				CLANG_CXX_LANGUAGE_STANDARD = "gnu++17";
				CLANG_CXX_LIBRARY = "libc++";
				CLANG_ENABLE_MODULES = YES;
				CLANG_ENABLE_OBJC_ARC = YES;
				CLANG_ENABLE_OBJC_WEAK = YES;
				CLANG_WARN_BLOCK_CAPTURE_AUTORELEASING = YES;
				CLANG_WARN_BOOL_CONVERSION = YES;
				CLANG_WARN_COMMA = YES;
				CLANG_WARN_CONSTANT_CONVERSION = YES;
				CLANG_WARN_DEPRECATED_OBJC_IMPLEMENTATIONS = YES;
				CLANG_WARN_DIRECT_OBJC_ISA_USAGE = YES_ERROR;
				CLANG_WARN_DOCUMENTATION_COMMENTS = YES;
				CLANG_WARN_EMPTY_BODY = YES;
				CLANG_WARN_ENUM_CONVERSION = YES;
				CLANG_WARN_INFINITE_RECURSION = YES;
				CLANG_WARN_INT_CONVERSION = YES;
				CLANG_WARN_NON_LITERAL_NULL_CONVERSION = YES;
				CLANG_WARN_OBJC_IMPLICIT_RETAIN_SELF = YES;
				CLANG_WARN_OBJC_LITERAL_CONVERSION = YES;
				CLANG_WARN_OBJC_ROOT_CLASS = YES_ERROR;
				CLANG_WARN_QUOTED_INCLUDE_IN_FRAMEWORK_HEADER = YES;
				CLANG_WARN_RANGE_LOOP_ANALYSIS = YES;
				CLANG_WARN_STRICT_PROTOTYPES = YES;
				CLANG_WARN_SUSPICIOUS_MOVE = YES;
				CLANG_WARN_UNGUARDED_AVAILABILITY = YES_AGGRESSIVE;
				CLANG_WARN_UNREACHABLE_CODE = YES;
				CLANG_WARN__DUPLICATE_METHOD_MATCH = YES;
				COPY_PHASE_STRIP = NO;
				DEBUG_INFORMATION_FORMAT = "dwarf-with-dsym";
				ENABLE_NS_ASSERTIONS = NO;
				ENABLE_STRICT_OBJC_MSGSEND = YES;
				GCC_C_LANGUAGE_STANDARD = gnu11;
				GCC_NO_COMMON_BLOCKS = YES;
				GCC_WARN_64_TO_32_BIT_CONVERSION = YES;
				GCC_WARN_ABOUT_RETURN_TYPE = YES_ERROR;
				GCC_WARN_UNDECLARED_SELECTOR = YES;
				GCC_WARN_UNINITIALIZED_AUTOS = YES_AGGRESSIVE;
				GCC_WARN_UNUSED_FUNCTION = YES;
				GCC_WARN_UNUSED_VARIABLE = YES;
				IPHONEOS_DEPLOYMENT_TARGET = 15.2;
				MTL_ENABLE_DEBUG_INFO = NO;
				MTL_FAST_MATH = YES;
				SDKROOT = iphoneos;
				SWIFT_COMPILATION_MODE = wholemodule;
				SWIFT_OPTIMIZATION_LEVEL = "-O";
				VALIDATE_PRODUCT = YES;
			};
			name = Release;
		};
		87637AAD27D882EF00B0F689 /* Debug */ = {
			isa = XCBuildConfiguration;
			buildSettings = {
				ASSETCATALOG_COMPILER_APPICON_NAME = AppIcon;
				ASSETCATALOG_COMPILER_GLOBAL_ACCENT_COLOR_NAME = AccentColor;
				CODE_SIGN_STYLE = Automatic;
				CURRENT_PROJECT_VERSION = 1;
				DEVELOPMENT_ASSET_PATHS = "\"Map_App/Preview Content\"";
				DEVELOPMENT_TEAM = 2EDDZGZ55S;
				ENABLE_PREVIEWS = YES;
				GENERATE_INFOPLIST_FILE = YES;
				INFOPLIST_FILE = "Map-App-Info.plist";
				INFOPLIST_KEY_CFBundleDisplayName = TravelBuddy;
				INFOPLIST_KEY_UIApplicationSceneManifest_Generation = YES;
				INFOPLIST_KEY_UIApplicationSupportsIndirectInputEvents = YES;
				INFOPLIST_KEY_UISupportedInterfaceOrientations_iPad = "UIInterfaceOrientationPortrait UIInterfaceOrientationPortraitUpsideDown UIInterfaceOrientationLandscapeLeft UIInterfaceOrientationLandscapeRight";
				INFOPLIST_KEY_UISupportedInterfaceOrientations_iPhone = "UIInterfaceOrientationPortrait UIInterfaceOrientationLandscapeLeft UIInterfaceOrientationLandscapeRight";
				LD_RUNPATH_SEARCH_PATHS = (
					"$(inherited)",
					"@executable_path/Frameworks",
				);
				MARKETING_VERSION = 1.0;
				PRODUCT_BUNDLE_IDENTIFIER = jandaur.anmol.TravelBuddy;
				PRODUCT_NAME = "$(TARGET_NAME)";
				SWIFT_EMIT_LOC_STRINGS = YES;
				SWIFT_VERSION = 5.0;
				TARGETED_DEVICE_FAMILY = "1,2";
			};
			name = Debug;
		};
		87637AAE27D882EF00B0F689 /* Release */ = {
			isa = XCBuildConfiguration;
			buildSettings = {
				ASSETCATALOG_COMPILER_APPICON_NAME = AppIcon;
				ASSETCATALOG_COMPILER_GLOBAL_ACCENT_COLOR_NAME = AccentColor;
				CODE_SIGN_STYLE = Automatic;
				CURRENT_PROJECT_VERSION = 1;
				DEVELOPMENT_ASSET_PATHS = "\"Map_App/Preview Content\"";
				DEVELOPMENT_TEAM = 2EDDZGZ55S;
				ENABLE_PREVIEWS = YES;
				GENERATE_INFOPLIST_FILE = YES;
				INFOPLIST_FILE = "Map-App-Info.plist";
				INFOPLIST_KEY_CFBundleDisplayName = TravelBuddy;
				INFOPLIST_KEY_UIApplicationSceneManifest_Generation = YES;
				INFOPLIST_KEY_UIApplicationSupportsIndirectInputEvents = YES;
				INFOPLIST_KEY_UISupportedInterfaceOrientations_iPad = "UIInterfaceOrientationPortrait UIInterfaceOrientationPortraitUpsideDown UIInterfaceOrientationLandscapeLeft UIInterfaceOrientationLandscapeRight";
				INFOPLIST_KEY_UISupportedInterfaceOrientations_iPhone = "UIInterfaceOrientationPortrait UIInterfaceOrientationLandscapeLeft UIInterfaceOrientationLandscapeRight";
				LD_RUNPATH_SEARCH_PATHS = (
					"$(inherited)",
					"@executable_path/Frameworks",
				);
				MARKETING_VERSION = 1.0;
				PRODUCT_BUNDLE_IDENTIFIER = jandaur.anmol.TravelBuddy;
				PRODUCT_NAME = "$(TARGET_NAME)";
				SWIFT_EMIT_LOC_STRINGS = YES;
				SWIFT_VERSION = 5.0;
				TARGETED_DEVICE_FAMILY = "1,2";
			};
			name = Release;
		};
/* End XCBuildConfiguration section */

/* Begin XCConfigurationList section */
		87637A9927D882EF00B0F689 /* Build configuration list for PBXProject "Map_App" */ = {
			isa = XCConfigurationList;
			buildConfigurations = (
				87637AAA27D882EF00B0F689 /* Debug */,
				87637AAB27D882EF00B0F689 /* Release */,
			);
			defaultConfigurationIsVisible = 0;
			defaultConfigurationName = Release;
		};
		87637AAC27D882EF00B0F689 /* Build configuration list for PBXNativeTarget "Map_App" */ = {
			isa = XCConfigurationList;
			buildConfigurations = (
				87637AAD27D882EF00B0F689 /* Debug */,
				87637AAE27D882EF00B0F689 /* Release */,
			);
			defaultConfigurationIsVisible = 0;
			defaultConfigurationName = Release;
		};
/* End XCConfigurationList section */
	};
	rootObject = 87637A9627D882EF00B0F689 /* Project object */;
}
